// !$*UTF8*$!
{
	archiveVersion = 1;
	classes = {
	};
	objectVersion = 46;
	objects = {

/* Begin PBXBuildFile section */
		35633C1015640D3F00BDD599 /* AppDelegate.m in Sources */ = {isa = PBXBuildFile; fileRef = 35633B4A15640D3F00BDD599 /* AppDelegate.m */; };
		35633C1115640D3F00BDD599 /* MasterCell.m in Sources */ = {isa = PBXBuildFile; fileRef = 35633B4D15640D3F00BDD599 /* MasterCell.m */; };
		35633C1215640D3F00BDD599 /* DetailThemeiPadController.m in Sources */ = {isa = PBXBuildFile; fileRef = 35633B5215640D3F00BDD599 /* DetailThemeiPadController.m */; };
		35633C1315640D3F00BDD599 /* MasterViewController.m in Sources */ = {isa = PBXBuildFile; fileRef = 35633B5515640D3F00BDD599 /* MasterViewController.m */; };
		35633C1415640D3F00BDD599 /* PopoverDemoController.m in Sources */ = {isa = PBXBuildFile; fileRef = 35633B5815640D3F00BDD599 /* PopoverDemoController.m */; };
		35633C1515640D3F00BDD599 /* iPhoneControlsController.m in Sources */ = {isa = PBXBuildFile; fileRef = 35633B5C15640D3F00BDD599 /* iPhoneControlsController.m */; };
		35633C1615640D3F00BDD599 /* iPhoneElementsController.m in Sources */ = {isa = PBXBuildFile; fileRef = 35633B5F15640D3F00BDD599 /* iPhoneElementsController.m */; };
		35633C1715640D3F00BDD599 /* ListViewController.m in Sources */ = {isa = PBXBuildFile; fileRef = 35633B6215640D3F00BDD599 /* ListViewController.m */; };
		35633C1815640D3F00BDD599 /* InfoPlist.strings in Resources */ = {isa = PBXBuildFile; fileRef = 35633B6315640D3F00BDD599 /* InfoPlist.strings */; };
		35633C1915640D3F00BDD599 /* MainStoryboard.storyboard in Resources */ = {isa = PBXBuildFile; fileRef = 35633B6515640D3F00BDD599 /* MainStoryboard.storyboard */; };
		35633C1A15640D3F00BDD599 /* MainStoryboard_iPhone.storyboard in Resources */ = {isa = PBXBuildFile; fileRef = 35633B6715640D3F00BDD599 /* MainStoryboard_iPhone.storyboard */; };
		35633C2715640D3F00BDD599 /* main.m in Sources */ = {isa = PBXBuildFile; fileRef = 35633B8B15640D3F00BDD599 /* main.m */; };
		35633C2815640D3F00BDD599 /* alert-bg.png in Resources */ = {isa = PBXBuildFile; fileRef = 35633B8D15640D3F00BDD599 /* alert-bg.png */; };
		35633C2915640D3F00BDD599 /* alert-bg@2x.png in Resources */ = {isa = PBXBuildFile; fileRef = 35633B8E15640D3F00BDD599 /* alert-bg@2x.png */; };
		35633C2A15640D3F00BDD599 /* alert-black-button.png in Resources */ = {isa = PBXBuildFile; fileRef = 35633B8F15640D3F00BDD599 /* alert-black-button.png */; };
		35633C2B15640D3F00BDD599 /* alert-green-button.png in Resources */ = {isa = PBXBuildFile; fileRef = 35633B9015640D3F00BDD599 /* alert-green-button.png */; };
		35633C2C15640D3F00BDD599 /* alert-green-button@2x.png in Resources */ = {isa = PBXBuildFile; fileRef = 35633B9115640D3F00BDD599 /* alert-green-button@2x.png */; };
		35633C2D15640D3F00BDD599 /* alert-red-button.png in Resources */ = {isa = PBXBuildFile; fileRef = 35633B9215640D3F00BDD599 /* alert-red-button.png */; };
		35633C2E15640D3F00BDD599 /* alert-red-button@2x.png in Resources */ = {isa = PBXBuildFile; fileRef = 35633B9315640D3F00BDD599 /* alert-red-button@2x.png */; };
		35633C2F15640D3F00BDD599 /* alert-window.png in Resources */ = {isa = PBXBuildFile; fileRef = 35633B9415640D3F00BDD599 /* alert-window.png */; };
		35633C3015640D3F00BDD599 /* alert-window@2x.png in Resources */ = {isa = PBXBuildFile; fileRef = 35633B9515640D3F00BDD599 /* alert-window@2x.png */; };
		35633C3115640D3F00BDD599 /* avatar1.png in Resources */ = {isa = PBXBuildFile; fileRef = 35633B9615640D3F00BDD599 /* avatar1.png */; };
		35633C3215640D3F00BDD599 /* avatar2.png in Resources */ = {isa = PBXBuildFile; fileRef = 35633B9715640D3F00BDD599 /* avatar2.png */; };
		35633C3315640D3F00BDD599 /* avatar3.png in Resources */ = {isa = PBXBuildFile; fileRef = 35633B9815640D3F00BDD599 /* avatar3.png */; };
		35633C3415640D3F00BDD599 /* avatar4.png in Resources */ = {isa = PBXBuildFile; fileRef = 35633B9915640D3F00BDD599 /* avatar4.png */; };
		35633C3515640D3F00BDD599 /* avatar5.png in Resources */ = {isa = PBXBuildFile; fileRef = 35633B9A15640D3F00BDD599 /* avatar5.png */; };
		35633C3615640D3F00BDD599 /* back.png in Resources */ = {isa = PBXBuildFile; fileRef = 35633B9B15640D3F00BDD599 /* back.png */; };
		35633C3715640D3F00BDD599 /* back@2x.png in Resources */ = {isa = PBXBuildFile; fileRef = 35633B9C15640D3F00BDD599 /* back@2x.png */; };
		35633C3815640D3F00BDD599 /* bg.png in Resources */ = {isa = PBXBuildFile; fileRef = 35633B9D15640D3F00BDD599 /* bg.png */; };
		35633C3915640D3F00BDD599 /* bg@2x.png in Resources */ = {isa = PBXBuildFile; fileRef = 35633B9E15640D3F00BDD599 /* bg@2x.png */; };
		35633C3A15640D3F00BDD599 /* bg_landscape.png in Resources */ = {isa = PBXBuildFile; fileRef = 35633B9F15640D3F00BDD599 /* bg_landscape.png */; };
		35633C3B15640D3F00BDD599 /* bg_landscape@2x.png in Resources */ = {isa = PBXBuildFile; fileRef = 35633BA015640D3F00BDD599 /* bg_landscape@2x.png */; };
		35633C3C15640D3F00BDD599 /* button-aluminium-large.png in Resources */ = {isa = PBXBuildFile; fileRef = 35633BA115640D3F00BDD599 /* button-aluminium-large.png */; };
		35633C3D15640D3F00BDD599 /* button-aluminium-large@2x.png in Resources */ = {isa = PBXBuildFile; fileRef = 35633BA215640D3F00BDD599 /* button-aluminium-large@2x.png */; };
		35633C3E15640D3F00BDD599 /* button-aluminum-pressed.png in Resources */ = {isa = PBXBuildFile; fileRef = 35633BA315640D3F00BDD599 /* button-aluminum-pressed.png */; };
		35633C3F15640D3F00BDD599 /* button-aluminum-pressed@2x.png in Resources */ = {isa = PBXBuildFile; fileRef = 35633BA415640D3F00BDD599 /* button-aluminum-pressed@2x.png */; };
		35633C4015640D3F00BDD599 /* button-aluminum.png in Resources */ = {isa = PBXBuildFile; fileRef = 35633BA515640D3F00BDD599 /* button-aluminum.png */; };
		35633C4115640D3F00BDD599 /* button-aluminum@2x.png in Resources */ = {isa = PBXBuildFile; fileRef = 35633BA615640D3F00BDD599 /* button-aluminum@2x.png */; };
		35633C4215640D3F00BDD599 /* button-black-large.png in Resources */ = {isa = PBXBuildFile; fileRef = 35633BA715640D3F00BDD599 /* button-black-large.png */; };
		35633C4315640D3F00BDD599 /* button-black-large@2x.png in Resources */ = {isa = PBXBuildFile; fileRef = 35633BA815640D3F00BDD599 /* button-black-large@2x.png */; };
		35633C4415640D3F00BDD599 /* button-black-pressed.png in Resources */ = {isa = PBXBuildFile; fileRef = 35633BA915640D3F00BDD599 /* button-black-pressed.png */; };
		35633C4515640D3F00BDD599 /* button-black-pressed@2x.png in Resources */ = {isa = PBXBuildFile; fileRef = 35633BAA15640D3F00BDD599 /* button-black-pressed@2x.png */; };
		35633C4615640D3F00BDD599 /* button-black.png in Resources */ = {isa = PBXBuildFile; fileRef = 35633BAB15640D3F00BDD599 /* button-black.png */; };
		35633C4715640D3F00BDD599 /* button-black@2x.png in Resources */ = {isa = PBXBuildFile; fileRef = 35633BAC15640D3F00BDD599 /* button-black@2x.png */; };
		35633C4815640D3F00BDD599 /* button-green-large.png in Resources */ = {isa = PBXBuildFile; fileRef = 35633BAD15640D3F00BDD599 /* button-green-large.png */; };
		35633C4915640D3F00BDD599 /* button-green-large@2x.png in Resources */ = {isa = PBXBuildFile; fileRef = 35633BAE15640D3F00BDD599 /* button-green-large@2x.png */; };
		35633C4A15640D3F00BDD599 /* button-green-pressed.png in Resources */ = {isa = PBXBuildFile; fileRef = 35633BAF15640D3F00BDD599 /* button-green-pressed.png */; };
		35633C4B15640D3F00BDD599 /* button-green-pressed@2x.png in Resources */ = {isa = PBXBuildFile; fileRef = 35633BB015640D3F00BDD599 /* button-green-pressed@2x.png */; };
		35633C4C15640D3F00BDD599 /* button-green.png in Resources */ = {isa = PBXBuildFile; fileRef = 35633BB115640D3F00BDD599 /* button-green.png */; };
		35633C4D15640D3F00BDD599 /* button-green@2x.png in Resources */ = {isa = PBXBuildFile; fileRef = 35633BB215640D3F00BDD599 /* button-green@2x.png */; };
		35633C4E15640D3F00BDD599 /* button-red-pressed.png in Resources */ = {isa = PBXBuildFile; fileRef = 35633BB315640D3F00BDD599 /* button-red-pressed.png */; };
		35633C4F15640D3F00BDD599 /* button-red-pressed@2x.png in Resources */ = {isa = PBXBuildFile; fileRef = 35633BB415640D3F00BDD599 /* button-red-pressed@2x.png */; };
		35633C5015640D3F00BDD599 /* button-red.png in Resources */ = {isa = PBXBuildFile; fileRef = 35633BB515640D3F00BDD599 /* button-red.png */; };
		35633C5115640D3F00BDD599 /* button-red@2x.png in Resources */ = {isa = PBXBuildFile; fileRef = 35633BB615640D3F00BDD599 /* button-red@2x.png */; };
		35633C5215640D3F00BDD599 /* list-arrow.png in Resources */ = {isa = PBXBuildFile; fileRef = 35633BB715640D3F00BDD599 /* list-arrow.png */; };
		35633C5315640D3F00BDD599 /* list-arrow@2x.png in Resources */ = {isa = PBXBuildFile; fileRef = 35633BB815640D3F00BDD599 /* list-arrow@2x.png */; };
		35633C5415640D3F00BDD599 /* list-frame.png in Resources */ = {isa = PBXBuildFile; fileRef = 35633BB915640D3F00BDD599 /* list-frame.png */; };
		35633C5515640D3F00BDD599 /* list-frame@2x.png in Resources */ = {isa = PBXBuildFile; fileRef = 35633BBA15640D3F00BDD599 /* list-frame@2x.png */; };
		35633C5615640D3F00BDD599 /* list-item-bg.png in Resources */ = {isa = PBXBuildFile; fileRef = 35633BBB15640D3F00BDD599 /* list-item-bg.png */; };
		35633C5715640D3F00BDD599 /* list-item-bg@2x.png in Resources */ = {isa = PBXBuildFile; fileRef = 35633BBC15640D3F00BDD599 /* list-item-bg@2x.png */; };
		35633C5815640D3F00BDD599 /* menubar-button.png in Resources */ = {isa = PBXBuildFile; fileRef = 35633BBD15640D3F00BDD599 /* menubar-button.png */; };
		35633C5915640D3F00BDD599 /* menubar-button@2x.png in Resources */ = {isa = PBXBuildFile; fileRef = 35633BBE15640D3F00BDD599 /* menubar-button@2x.png */; };
		35633C5A15640D3F00BDD599 /* menubar-left.png in Resources */ = {isa = PBXBuildFile; fileRef = 35633BBF15640D3F00BDD599 /* menubar-left.png */; };
		35633C5B15640D3F00BDD599 /* menubar-left@2x.png in Resources */ = {isa = PBXBuildFile; fileRef = 35633BC015640D3F00BDD599 /* menubar-left@2x.png */; };
		35633C5C15640D3F00BDD599 /* menubar-right.png in Resources */ = {isa = PBXBuildFile; fileRef = 35633BC115640D3F00BDD599 /* menubar-right.png */; };
		35633C5D15640D3F00BDD599 /* menubar-right@2x.png in Resources */ = {isa = PBXBuildFile; fileRef = 35633BC215640D3F00BDD599 /* menubar-right@2x.png */; };
		35633C5E15640D3F00BDD599 /* menubar.png in Resources */ = {isa = PBXBuildFile; fileRef = 35633BC315640D3F00BDD599 /* menubar.png */; };
		35633C5F15640D3F00BDD599 /* menubar@2x.png in Resources */ = {isa = PBXBuildFile; fileRef = 35633BC415640D3F00BDD599 /* menubar@2x.png */; };
		35633C6015640D3F00BDD599 /* navbar-button.png in Resources */ = {isa = PBXBuildFile; fileRef = 35633BC515640D3F00BDD599 /* navbar-button.png */; };
		35633C6115640D3F00BDD599 /* navbar-button@2x.png in Resources */ = {isa = PBXBuildFile; fileRef = 35633BC615640D3F00BDD599 /* navbar-button@2x.png */; };
		35633C6215640D3F00BDD599 /* popover-arrow-bottom.png in Resources */ = {isa = PBXBuildFile; fileRef = 35633BC715640D3F00BDD599 /* popover-arrow-bottom.png */; };
		35633C6315640D3F00BDD599 /* popover-arrow-bottom@2x.png in Resources */ = {isa = PBXBuildFile; fileRef = 35633BC815640D3F00BDD599 /* popover-arrow-bottom@2x.png */; };
		35633C6415640D3F00BDD599 /* popover-arrow-left.png in Resources */ = {isa = PBXBuildFile; fileRef = 35633BC915640D3F00BDD599 /* popover-arrow-left.png */; };
		35633C6515640D3F00BDD599 /* popover-arrow-left@2x.png in Resources */ = {isa = PBXBuildFile; fileRef = 35633BCA15640D3F00BDD599 /* popover-arrow-left@2x.png */; };
		35633C6615640D3F00BDD599 /* popover-arrow-right.png in Resources */ = {isa = PBXBuildFile; fileRef = 35633BCB15640D3F00BDD599 /* popover-arrow-right.png */; };
		35633C6715640D3F00BDD599 /* popover-arrow-right@2x.png in Resources */ = {isa = PBXBuildFile; fileRef = 35633BCC15640D3F00BDD599 /* popover-arrow-right@2x.png */; };
		35633C6815640D3F00BDD599 /* popover-arrow-top.png in Resources */ = {isa = PBXBuildFile; fileRef = 35633BCD15640D3F00BDD599 /* popover-arrow-top.png */; };
		35633C6915640D3F00BDD599 /* popover-arrow-top@2x.png in Resources */ = {isa = PBXBuildFile; fileRef = 35633BCE15640D3F00BDD599 /* popover-arrow-top@2x.png */; };
		35633C6A15640D3F00BDD599 /* popover-background.png in Resources */ = {isa = PBXBuildFile; fileRef = 35633BCF15640D3F00BDD599 /* popover-background.png */; };
		35633C6B15640D3F00BDD599 /* popover-background@2x.png in Resources */ = {isa = PBXBuildFile; fileRef = 35633BD015640D3F00BDD599 /* popover-background@2x.png */; };
		35633C6C15640D3F00BDD599 /* popover-menu-first-selected.png in Resources */ = {isa = PBXBuildFile; fileRef = 35633BD115640D3F00BDD599 /* popover-menu-first-selected.png */; };
		35633C6D15640D3F00BDD599 /* popover-menu-first-selected@2x.png in Resources */ = {isa = PBXBuildFile; fileRef = 35633BD215640D3F00BDD599 /* popover-menu-first-selected@2x.png */; };
		35633C6E15640D3F00BDD599 /* popover-menu-first.png in Resources */ = {isa = PBXBuildFile; fileRef = 35633BD315640D3F00BDD599 /* popover-menu-first.png */; };
		35633C6F15640D3F00BDD599 /* popover-menu-first@2x.png in Resources */ = {isa = PBXBuildFile; fileRef = 35633BD415640D3F00BDD599 /* popover-menu-first@2x.png */; };
		35633C7015640D3F00BDD599 /* popover-menu-last-selected.png in Resources */ = {isa = PBXBuildFile; fileRef = 35633BD515640D3F00BDD599 /* popover-menu-last-selected.png */; };
		35633C7115640D3F00BDD599 /* popover-menu-last-selected@2x.png in Resources */ = {isa = PBXBuildFile; fileRef = 35633BD615640D3F00BDD599 /* popover-menu-last-selected@2x.png */; };
		35633C7215640D3F00BDD599 /* popover-menu-last.png in Resources */ = {isa = PBXBuildFile; fileRef = 35633BD715640D3F00BDD599 /* popover-menu-last.png */; };
		35633C7315640D3F00BDD599 /* popover-menu-last@2x.png in Resources */ = {isa = PBXBuildFile; fileRef = 35633BD815640D3F00BDD599 /* popover-menu-last@2x.png */; };
		35633C7415640D3F00BDD599 /* popover-menu-middle-selected.png in Resources */ = {isa = PBXBuildFile; fileRef = 35633BD915640D3F00BDD599 /* popover-menu-middle-selected.png */; };
		35633C7515640D3F00BDD599 /* popover-menu-middle-selected@2x.png in Resources */ = {isa = PBXBuildFile; fileRef = 35633BDA15640D3F00BDD599 /* popover-menu-middle-selected@2x.png */; };
		35633C7615640D3F00BDD599 /* popover-menu-middle.png in Resources */ = {isa = PBXBuildFile; fileRef = 35633BDB15640D3F00BDD599 /* popover-menu-middle.png */; };
		35633C7715640D3F00BDD599 /* popover-menu-middle@2x.png in Resources */ = {isa = PBXBuildFile; fileRef = 35633BDC15640D3F00BDD599 /* popover-menu-middle@2x.png */; };
		35633C7815640D3F00BDD599 /* popover-table-header.png in Resources */ = {isa = PBXBuildFile; fileRef = 35633BDD15640D3F00BDD599 /* popover-table-header.png */; };
		35633C7915640D3F00BDD599 /* popover-table-header@2x.png in Resources */ = {isa = PBXBuildFile; fileRef = 35633BDE15640D3F00BDD599 /* popover-table-header@2x.png */; };
		35633C7A15640D3F00BDD599 /* progress-fill.png in Resources */ = {isa = PBXBuildFile; fileRef = 35633BDF15640D3F00BDD599 /* progress-fill.png */; };
		35633C7B15640D3F00BDD599 /* progress-fill@2x.png in Resources */ = {isa = PBXBuildFile; fileRef = 35633BE015640D3F00BDD599 /* progress-fill@2x.png */; };
		35633C7C15640D3F00BDD599 /* progress-track.png in Resources */ = {isa = PBXBuildFile; fileRef = 35633BE115640D3F00BDD599 /* progress-track.png */; };
		35633C7D15640D3F00BDD599 /* progress-track@2x.png in Resources */ = {isa = PBXBuildFile; fileRef = 35633BE215640D3F00BDD599 /* progress-track@2x.png */; };
		35633C7E15640D3F00BDD599 /* searchbar-bg.png in Resources */ = {isa = PBXBuildFile; fileRef = 35633BE315640D3F00BDD599 /* searchbar-bg.png */; };
		35633C7F15640D3F00BDD599 /* searchbar-bg@2x.png in Resources */ = {isa = PBXBuildFile; fileRef = 35633BE415640D3F00BDD599 /* searchbar-bg@2x.png */; };
		35633C8015640D3F00BDD599 /* segment-normal-left.png in Resources */ = {isa = PBXBuildFile; fileRef = 35633BE515640D3F00BDD599 /* segment-normal-left.png */; };
		35633C8115640D3F00BDD599 /* segment-normal-left@2x.png in Resources */ = {isa = PBXBuildFile; fileRef = 35633BE615640D3F00BDD599 /* segment-normal-left@2x.png */; };
		35633C8215640D3F00BDD599 /* segment-normal-middle.png in Resources */ = {isa = PBXBuildFile; fileRef = 35633BE715640D3F00BDD599 /* segment-normal-middle.png */; };
		35633C8315640D3F00BDD599 /* segment-normal-middle@2x.png in Resources */ = {isa = PBXBuildFile; fileRef = 35633BE815640D3F00BDD599 /* segment-normal-middle@2x.png */; };
		35633C8415640D3F00BDD599 /* segment-normal-right.png in Resources */ = {isa = PBXBuildFile; fileRef = 35633BE915640D3F00BDD599 /* segment-normal-right.png */; };
		35633C8515640D3F00BDD599 /* segment-normal-right@2x.png in Resources */ = {isa = PBXBuildFile; fileRef = 35633BEA15640D3F00BDD599 /* segment-normal-right@2x.png */; };
		35633C8615640D3F00BDD599 /* segment-selected-left.png in Resources */ = {isa = PBXBuildFile; fileRef = 35633BEB15640D3F00BDD599 /* segment-selected-left.png */; };
		35633C8715640D3F00BDD599 /* segment-selected-left@2x.png in Resources */ = {isa = PBXBuildFile; fileRef = 35633BEC15640D3F00BDD599 /* segment-selected-left@2x.png */; };
		35633C8815640D3F00BDD599 /* segment-selected-middle.png in Resources */ = {isa = PBXBuildFile; fileRef = 35633BED15640D3F00BDD599 /* segment-selected-middle.png */; };
		35633C8915640D3F00BDD599 /* segment-selected-middle@2x.png in Resources */ = {isa = PBXBuildFile; fileRef = 35633BEE15640D3F00BDD599 /* segment-selected-middle@2x.png */; };
		35633C8A15640D3F00BDD599 /* segment-selected-right.png in Resources */ = {isa = PBXBuildFile; fileRef = 35633BEF15640D3F00BDD599 /* segment-selected-right.png */; };
		35633C8B15640D3F00BDD599 /* segment-selected-right@2x.png in Resources */ = {isa = PBXBuildFile; fileRef = 35633BF015640D3F00BDD599 /* segment-selected-right@2x.png */; };
		35633C8C15640D3F00BDD599 /* slider-fill.png in Resources */ = {isa = PBXBuildFile; fileRef = 35633BF115640D3F00BDD599 /* slider-fill.png */; };
		35633C8D15640D3F00BDD599 /* slider-fill@2x.png in Resources */ = {isa = PBXBuildFile; fileRef = 35633BF215640D3F00BDD599 /* slider-fill@2x.png */; };
		35633C8E15640D3F00BDD599 /* slider-handle.png in Resources */ = {isa = PBXBuildFile; fileRef = 35633BF315640D3F00BDD599 /* slider-handle.png */; };
		35633C8F15640D3F00BDD599 /* slider-handle@2x.png in Resources */ = {isa = PBXBuildFile; fileRef = 35633BF415640D3F00BDD599 /* slider-handle@2x.png */; };
		35633C9015640D3F00BDD599 /* slider-track.png in Resources */ = {isa = PBXBuildFile; fileRef = 35633BF515640D3F00BDD599 /* slider-track.png */; };
		35633C9115640D3F00BDD599 /* slider-track@2x.png in Resources */ = {isa = PBXBuildFile; fileRef = 35633BF615640D3F00BDD599 /* slider-track@2x.png */; };
		35633C9215640D3F00BDD599 /* switch-off.png in Resources */ = {isa = PBXBuildFile; fileRef = 35633BF715640D3F00BDD599 /* switch-off.png */; };
		35633C9315640D3F00BDD599 /* switch-off@2x.png in Resources */ = {isa = PBXBuildFile; fileRef = 35633BF815640D3F00BDD599 /* switch-off@2x.png */; };
		35633C9415640D3F00BDD599 /* switch-on.png in Resources */ = {isa = PBXBuildFile; fileRef = 35633BF915640D3F00BDD599 /* switch-on.png */; };
		35633C9515640D3F00BDD599 /* switch-on@2x.png in Resources */ = {isa = PBXBuildFile; fileRef = 35633BFA15640D3F00BDD599 /* switch-on@2x.png */; };
		35633C9615640D3F00BDD599 /* switch-thumb-off.png in Resources */ = {isa = PBXBuildFile; fileRef = 35633BFB15640D3F00BDD599 /* switch-thumb-off.png */; };
		35633C9715640D3F00BDD599 /* switch-thumb-off@2x.png in Resources */ = {isa = PBXBuildFile; fileRef = 35633BFC15640D3F00BDD599 /* switch-thumb-off@2x.png */; };
		35633C9815640D3F00BDD599 /* switch-thumb-on.png in Resources */ = {isa = PBXBuildFile; fileRef = 35633BFD15640D3F00BDD599 /* switch-thumb-on.png */; };
		35633C9915640D3F00BDD599 /* switch-thumb-on@2x.png in Resources */ = {isa = PBXBuildFile; fileRef = 35633BFE15640D3F00BDD599 /* switch-thumb-on@2x.png */; };
		35633C9A15640D3F00BDD599 /* switch-thumb-shadow.png in Resources */ = {isa = PBXBuildFile; fileRef = 35633BFF15640D3F00BDD599 /* switch-thumb-shadow.png */; };
		35633C9B15640D3F00BDD599 /* switch-thumb-shadow@2x.png in Resources */ = {isa = PBXBuildFile; fileRef = 35633C0015640D3F00BDD599 /* switch-thumb-shadow@2x.png */; };
		35633C9C15640D3F00BDD599 /* tab-icon1.png in Resources */ = {isa = PBXBuildFile; fileRef = 35633C0115640D3F00BDD599 /* tab-icon1.png */; };
		35633C9D15640D3F00BDD599 /* tab-icon1@2x.png in Resources */ = {isa = PBXBuildFile; fileRef = 35633C0215640D3F00BDD599 /* tab-icon1@2x.png */; };
		35633C9E15640D3F00BDD599 /* tab-icon2.png in Resources */ = {isa = PBXBuildFile; fileRef = 35633C0315640D3F00BDD599 /* tab-icon2.png */; };
		35633C9F15640D3F00BDD599 /* tab-icon2@2x.png in Resources */ = {isa = PBXBuildFile; fileRef = 35633C0415640D3F00BDD599 /* tab-icon2@2x.png */; };
		35633CA015640D3F00BDD599 /* tab-icon3.png in Resources */ = {isa = PBXBuildFile; fileRef = 35633C0515640D3F00BDD599 /* tab-icon3.png */; };
		35633CA115640D3F00BDD599 /* tab-icon3.psd in Resources */ = {isa = PBXBuildFile; fileRef = 35633C0615640D3F00BDD599 /* tab-icon3.psd */; };
		35633CA215640D3F00BDD599 /* tab-icon3@2x.png in Resources */ = {isa = PBXBuildFile; fileRef = 35633C0715640D3F00BDD599 /* tab-icon3@2x.png */; };
		35633CA315640D3F00BDD599 /* tab-icon4.png in Resources */ = {isa = PBXBuildFile; fileRef = 35633C0815640D3F00BDD599 /* tab-icon4.png */; };
		35633CA415640D3F00BDD599 /* tab-icon4@2x.png in Resources */ = {isa = PBXBuildFile; fileRef = 35633C0915640D3F00BDD599 /* tab-icon4@2x.png */; };
		35633CA515640D3F00BDD599 /* tabbar-active.png in Resources */ = {isa = PBXBuildFile; fileRef = 35633C0A15640D3F00BDD599 /* tabbar-active.png */; };
		35633CA615640D3F00BDD599 /* tabbar-active@2x.png in Resources */ = {isa = PBXBuildFile; fileRef = 35633C0B15640D3F00BDD599 /* tabbar-active@2x.png */; };
		35633CA715640D3F00BDD599 /* tabbar.png in Resources */ = {isa = PBXBuildFile; fileRef = 35633C0C15640D3F00BDD599 /* tabbar.png */; };
		35633CA815640D3F00BDD599 /* tabbar@2x.png in Resources */ = {isa = PBXBuildFile; fileRef = 35633C0D15640D3F00BDD599 /* tabbar@2x.png */; };
		35633CA915640D3F00BDD599 /* text-input.png in Resources */ = {isa = PBXBuildFile; fileRef = 35633C0E15640D3F00BDD599 /* text-input.png */; };
		35633CAA15640D3F00BDD599 /* text-input@2x.png in Resources */ = {isa = PBXBuildFile; fileRef = 35633C0F15640D3F00BDD599 /* text-input@2x.png */; };
		7F9B87B11614EEC1005A2B50 /* bg-568h@2x.png in Resources */ = {isa = PBXBuildFile; fileRef = 7F9B87B01614EEC1005A2B50 /* bg-568h@2x.png */; };
		7F9B87B41614EEC9005A2B50 /* Default-568h@2x.png in Resources */ = {isa = PBXBuildFile; fileRef = 7F9B87B31614EEC9005A2B50 /* Default-568h@2x.png */; };
		7F9B87D91614EEFB005A2B50 /* ADVPopoverProgressBar.m in Sources */ = {isa = PBXBuildFile; fileRef = 7F9B87B81614EEFB005A2B50 /* ADVPopoverProgressBar.m */; };
		7F9B87DA1614EEFB005A2B50 /* BlockAlertView.m in Sources */ = {isa = PBXBuildFile; fileRef = 7F9B87BB1614EEFB005A2B50 /* BlockAlertView.m */; settings = {COMPILER_FLAGS = "-fno-objc-arc"; }; };
		7F9B87DB1614EEFB005A2B50 /* BlockBackground.m in Sources */ = {isa = PBXBuildFile; fileRef = 7F9B87BD1614EEFB005A2B50 /* BlockBackground.m */; settings = {COMPILER_FLAGS = "-fno-objc-arc"; }; };
		7F9B87DC1614EEFB005A2B50 /* UIImage+iPhone5.m in Sources */ = {isa = PBXBuildFile; fileRef = 7F9B87C21614EEFB005A2B50 /* UIImage+iPhone5.m */; };
		7F9B87DD1614EEFB005A2B50 /* CustomPopoverBackgroundView.m in Sources */ = {isa = PBXBuildFile; fileRef = 7F9B87C51614EEFB005A2B50 /* CustomPopoverBackgroundView.m */; };
		7F9B87DE1614EEFB005A2B50 /* KSCustomPopoverBackgroundView.m in Sources */ = {isa = PBXBuildFile; fileRef = 7F9B87C71614EEFB005A2B50 /* KSCustomPopoverBackgroundView.m */; };
		7F9B87DF1614EEFB005A2B50 /* CustomSegmentedControl.m in Sources */ = {isa = PBXBuildFile; fileRef = 7F9B87CA1614EEFB005A2B50 /* CustomSegmentedControl.m */; };
		7F9B87E01614EEFB005A2B50 /* RCSwitch.m in Sources */ = {isa = PBXBuildFile; fileRef = 7F9B87CD1614EEFB005A2B50 /* RCSwitch.m */; };
		7F9B87E11614EEFB005A2B50 /* RCSwitchOnOff.m in Sources */ = {isa = PBXBuildFile; fileRef = 7F9B87CF1614EEFB005A2B50 /* RCSwitchOnOff.m */; };
		7F9B87E21614EEFB005A2B50 /* SampleSegment.m in Sources */ = {isa = PBXBuildFile; fileRef = 7F9B87D11614EEFB005A2B50 /* SampleSegment.m */; };
		7F9B87E31614EEFB005A2B50 /* PopoverSegment.m in Sources */ = {isa = PBXBuildFile; fileRef = 7F9B87D41614EEFB005A2B50 /* PopoverSegment.m */; };
		7F9B87E41614EEFB005A2B50 /* STSegmentedControl.m in Sources */ = {isa = PBXBuildFile; fileRef = 7F9B87D81614EEFB005A2B50 /* STSegmentedControl.m */; };
		AA8959E717DA8AC30089813E /* Utils.m in Sources */ = {isa = PBXBuildFile; fileRef = AA8959E617DA8AC30089813E /* Utils.m */; };
		AA8959EA17DAA9E70089813E /* menubar-7.png in Resources */ = {isa = PBXBuildFile; fileRef = AA8959E817DAA9E70089813E /* menubar-7.png */; };
		AA8959EB17DAA9E70089813E /* menubar-7@2x.png in Resources */ = {isa = PBXBuildFile; fileRef = AA8959E917DAA9E70089813E /* menubar-7@2x.png */; };
		AA8959ED17DB69CE0089813E /* transparentShadow.png in Resources */ = {isa = PBXBuildFile; fileRef = AA8959EC17DB69CE0089813E /* transparentShadow.png */; };
		AA8959F017DB72FD0089813E /* menubar-right-7.png in Resources */ = {isa = PBXBuildFile; fileRef = AA8959EE17DB72FD0089813E /* menubar-right-7.png */; };
		AA8959F117DB72FD0089813E /* menubar-right-7@2x.png in Resources */ = {isa = PBXBuildFile; fileRef = AA8959EF17DB72FD0089813E /* menubar-right-7@2x.png */; };
		ECB1B8971510FC2A004446DA /* QuartzCore.framework in Frameworks */ = {isa = PBXBuildFile; fileRef = ECB1B8961510FC2A004446DA /* QuartzCore.framework */; };
		ECF3E461151074BD00A8D893 /* UIKit.framework in Frameworks */ = {isa = PBXBuildFile; fileRef = ECF3E460151074BD00A8D893 /* UIKit.framework */; };
		ECF3E463151074BD00A8D893 /* Foundation.framework in Frameworks */ = {isa = PBXBuildFile; fileRef = ECF3E462151074BD00A8D893 /* Foundation.framework */; };
		ECF3E465151074BD00A8D893 /* CoreGraphics.framework in Frameworks */ = {isa = PBXBuildFile; fileRef = ECF3E464151074BD00A8D893 /* CoreGraphics.framework */; };
/* End PBXBuildFile section */

/* Begin PBXFileReference section */
		35633B4915640D3F00BDD599 /* AppDelegate.h */ = {isa = PBXFileReference; fileEncoding = 4; lastKnownFileType = sourcecode.c.h; path = AppDelegate.h; sourceTree = "<group>"; };
		35633B4A15640D3F00BDD599 /* AppDelegate.m */ = {isa = PBXFileReference; fileEncoding = 4; lastKnownFileType = sourcecode.c.objc; path = AppDelegate.m; sourceTree = "<group>"; };
		35633B4C15640D3F00BDD599 /* MasterCell.h */ = {isa = PBXFileReference; fileEncoding = 4; lastKnownFileType = sourcecode.c.h; path = MasterCell.h; sourceTree = "<group>"; };
		35633B4D15640D3F00BDD599 /* MasterCell.m */ = {isa = PBXFileReference; fileEncoding = 4; lastKnownFileType = sourcecode.c.objc; path = MasterCell.m; sourceTree = "<group>"; };
		35633B5115640D3F00BDD599 /* DetailThemeiPadController.h */ = {isa = PBXFileReference; fileEncoding = 4; lastKnownFileType = sourcecode.c.h; path = DetailThemeiPadController.h; sourceTree = "<group>"; };
		35633B5215640D3F00BDD599 /* DetailThemeiPadController.m */ = {isa = PBXFileReference; fileEncoding = 4; lastKnownFileType = sourcecode.c.objc; path = DetailThemeiPadController.m; sourceTree = "<group>"; };
		35633B5415640D3F00BDD599 /* MasterViewController.h */ = {isa = PBXFileReference; fileEncoding = 4; lastKnownFileType = sourcecode.c.h; path = MasterViewController.h; sourceTree = "<group>"; };
		35633B5515640D3F00BDD599 /* MasterViewController.m */ = {isa = PBXFileReference; fileEncoding = 4; lastKnownFileType = sourcecode.c.objc; path = MasterViewController.m; sourceTree = "<group>"; };
		35633B5715640D3F00BDD599 /* PopoverDemoController.h */ = {isa = PBXFileReference; fileEncoding = 4; lastKnownFileType = sourcecode.c.h; path = PopoverDemoController.h; sourceTree = "<group>"; };
		35633B5815640D3F00BDD599 /* PopoverDemoController.m */ = {isa = PBXFileReference; fileEncoding = 4; lastKnownFileType = sourcecode.c.objc; path = PopoverDemoController.m; sourceTree = "<group>"; };
		35633B5B15640D3F00BDD599 /* iPhoneControlsController.h */ = {isa = PBXFileReference; fileEncoding = 4; lastKnownFileType = sourcecode.c.h; path = iPhoneControlsController.h; sourceTree = "<group>"; };
		35633B5C15640D3F00BDD599 /* iPhoneControlsController.m */ = {isa = PBXFileReference; fileEncoding = 4; lastKnownFileType = sourcecode.c.objc; path = iPhoneControlsController.m; sourceTree = "<group>"; };
		35633B5E15640D3F00BDD599 /* iPhoneElementsController.h */ = {isa = PBXFileReference; fileEncoding = 4; lastKnownFileType = sourcecode.c.h; path = iPhoneElementsController.h; sourceTree = "<group>"; };
		35633B5F15640D3F00BDD599 /* iPhoneElementsController.m */ = {isa = PBXFileReference; fileEncoding = 4; lastKnownFileType = sourcecode.c.objc; path = iPhoneElementsController.m; sourceTree = "<group>"; };
		35633B6115640D3F00BDD599 /* ListViewController.h */ = {isa = PBXFileReference; fileEncoding = 4; lastKnownFileType = sourcecode.c.h; path = ListViewController.h; sourceTree = "<group>"; };
		35633B6215640D3F00BDD599 /* ListViewController.m */ = {isa = PBXFileReference; fileEncoding = 4; lastKnownFileType = sourcecode.c.objc; path = ListViewController.m; sourceTree = "<group>"; };
		35633B6415640D3F00BDD599 /* en */ = {isa = PBXFileReference; lastKnownFileType = text.plist.strings; name = en; path = en.lproj/InfoPlist.strings; sourceTree = "<group>"; };
		35633B6615640D3F00BDD599 /* en */ = {isa = PBXFileReference; lastKnownFileType = file.storyboard; name = en; path = en.lproj/MainStoryboard.storyboard; sourceTree = "<group>"; };
		35633B6815640D3F00BDD599 /* en */ = {isa = PBXFileReference; lastKnownFileType = file.storyboard; name = en; path = en.lproj/MainStoryboard_iPhone.storyboard; sourceTree = "<group>"; };
		35633B6915640D3F00BDD599 /* gunmetal-Info.plist */ = {isa = PBXFileReference; fileEncoding = 4; lastKnownFileType = text.plist.xml; path = "gunmetal-Info.plist"; sourceTree = "<group>"; };
		35633B6A15640D3F00BDD599 /* gunmetal-Prefix.pch */ = {isa = PBXFileReference; fileEncoding = 4; lastKnownFileType = sourcecode.c.h; path = "gunmetal-Prefix.pch"; sourceTree = "<group>"; };
		35633B8B15640D3F00BDD599 /* main.m */ = {isa = PBXFileReference; fileEncoding = 4; lastKnownFileType = sourcecode.c.objc; path = main.m; sourceTree = "<group>"; };
		35633B8D15640D3F00BDD599 /* alert-bg.png */ = {isa = PBXFileReference; lastKnownFileType = image.png; path = "alert-bg.png"; sourceTree = "<group>"; };
		35633B8E15640D3F00BDD599 /* alert-bg@2x.png */ = {isa = PBXFileReference; lastKnownFileType = image.png; path = "alert-bg@2x.png"; sourceTree = "<group>"; };
		35633B8F15640D3F00BDD599 /* alert-black-button.png */ = {isa = PBXFileReference; lastKnownFileType = image.png; path = "alert-black-button.png"; sourceTree = "<group>"; };
		35633B9015640D3F00BDD599 /* alert-green-button.png */ = {isa = PBXFileReference; lastKnownFileType = image.png; path = "alert-green-button.png"; sourceTree = "<group>"; };
		35633B9115640D3F00BDD599 /* alert-green-button@2x.png */ = {isa = PBXFileReference; lastKnownFileType = image.png; path = "alert-green-button@2x.png"; sourceTree = "<group>"; };
		35633B9215640D3F00BDD599 /* alert-red-button.png */ = {isa = PBXFileReference; lastKnownFileType = image.png; path = "alert-red-button.png"; sourceTree = "<group>"; };
		35633B9315640D3F00BDD599 /* alert-red-button@2x.png */ = {isa = PBXFileReference; lastKnownFileType = image.png; path = "alert-red-button@2x.png"; sourceTree = "<group>"; };
		35633B9415640D3F00BDD599 /* alert-window.png */ = {isa = PBXFileReference; lastKnownFileType = image.png; path = "alert-window.png"; sourceTree = "<group>"; };
		35633B9515640D3F00BDD599 /* alert-window@2x.png */ = {isa = PBXFileReference; lastKnownFileType = image.png; path = "alert-window@2x.png"; sourceTree = "<group>"; };
		35633B9615640D3F00BDD599 /* avatar1.png */ = {isa = PBXFileReference; lastKnownFileType = image.png; path = avatar1.png; sourceTree = "<group>"; };
		35633B9715640D3F00BDD599 /* avatar2.png */ = {isa = PBXFileReference; lastKnownFileType = image.png; path = avatar2.png; sourceTree = "<group>"; };
		35633B9815640D3F00BDD599 /* avatar3.png */ = {isa = PBXFileReference; lastKnownFileType = image.png; path = avatar3.png; sourceTree = "<group>"; };
		35633B9915640D3F00BDD599 /* avatar4.png */ = {isa = PBXFileReference; lastKnownFileType = image.png; path = avatar4.png; sourceTree = "<group>"; };
		35633B9A15640D3F00BDD599 /* avatar5.png */ = {isa = PBXFileReference; lastKnownFileType = image.png; path = avatar5.png; sourceTree = "<group>"; };
		35633B9B15640D3F00BDD599 /* back.png */ = {isa = PBXFileReference; lastKnownFileType = image.png; path = back.png; sourceTree = "<group>"; };
		35633B9C15640D3F00BDD599 /* back@2x.png */ = {isa = PBXFileReference; lastKnownFileType = image.png; path = "back@2x.png"; sourceTree = "<group>"; };
		35633B9D15640D3F00BDD599 /* bg.png */ = {isa = PBXFileReference; lastKnownFileType = image.png; path = bg.png; sourceTree = "<group>"; };
		35633B9E15640D3F00BDD599 /* bg@2x.png */ = {isa = PBXFileReference; lastKnownFileType = image.png; path = "bg@2x.png"; sourceTree = "<group>"; };
		35633B9F15640D3F00BDD599 /* bg_landscape.png */ = {isa = PBXFileReference; lastKnownFileType = image.png; path = bg_landscape.png; sourceTree = "<group>"; };
		35633BA015640D3F00BDD599 /* bg_landscape@2x.png */ = {isa = PBXFileReference; lastKnownFileType = image.png; path = "bg_landscape@2x.png"; sourceTree = "<group>"; };
		35633BA115640D3F00BDD599 /* button-aluminium-large.png */ = {isa = PBXFileReference; lastKnownFileType = image.png; path = "button-aluminium-large.png"; sourceTree = "<group>"; };
		35633BA215640D3F00BDD599 /* button-aluminium-large@2x.png */ = {isa = PBXFileReference; lastKnownFileType = image.png; path = "button-aluminium-large@2x.png"; sourceTree = "<group>"; };
		35633BA315640D3F00BDD599 /* button-aluminum-pressed.png */ = {isa = PBXFileReference; lastKnownFileType = image.png; path = "button-aluminum-pressed.png"; sourceTree = "<group>"; };
		35633BA415640D3F00BDD599 /* button-aluminum-pressed@2x.png */ = {isa = PBXFileReference; lastKnownFileType = image.png; path = "button-aluminum-pressed@2x.png"; sourceTree = "<group>"; };
		35633BA515640D3F00BDD599 /* button-aluminum.png */ = {isa = PBXFileReference; lastKnownFileType = image.png; path = "button-aluminum.png"; sourceTree = "<group>"; };
		35633BA615640D3F00BDD599 /* button-aluminum@2x.png */ = {isa = PBXFileReference; lastKnownFileType = image.png; path = "button-aluminum@2x.png"; sourceTree = "<group>"; };
		35633BA715640D3F00BDD599 /* button-black-large.png */ = {isa = PBXFileReference; lastKnownFileType = image.png; path = "button-black-large.png"; sourceTree = "<group>"; };
		35633BA815640D3F00BDD599 /* button-black-large@2x.png */ = {isa = PBXFileReference; lastKnownFileType = image.png; path = "button-black-large@2x.png"; sourceTree = "<group>"; };
		35633BA915640D3F00BDD599 /* button-black-pressed.png */ = {isa = PBXFileReference; lastKnownFileType = image.png; path = "button-black-pressed.png"; sourceTree = "<group>"; };
		35633BAA15640D3F00BDD599 /* button-black-pressed@2x.png */ = {isa = PBXFileReference; lastKnownFileType = image.png; path = "button-black-pressed@2x.png"; sourceTree = "<group>"; };
		35633BAB15640D3F00BDD599 /* button-black.png */ = {isa = PBXFileReference; lastKnownFileType = image.png; path = "button-black.png"; sourceTree = "<group>"; };
		35633BAC15640D3F00BDD599 /* button-black@2x.png */ = {isa = PBXFileReference; lastKnownFileType = image.png; path = "button-black@2x.png"; sourceTree = "<group>"; };
		35633BAD15640D3F00BDD599 /* button-green-large.png */ = {isa = PBXFileReference; lastKnownFileType = image.png; path = "button-green-large.png"; sourceTree = "<group>"; };
		35633BAE15640D3F00BDD599 /* button-green-large@2x.png */ = {isa = PBXFileReference; lastKnownFileType = image.png; path = "button-green-large@2x.png"; sourceTree = "<group>"; };
		35633BAF15640D3F00BDD599 /* button-green-pressed.png */ = {isa = PBXFileReference; lastKnownFileType = image.png; path = "button-green-pressed.png"; sourceTree = "<group>"; };
		35633BB015640D3F00BDD599 /* button-green-pressed@2x.png */ = {isa = PBXFileReference; lastKnownFileType = image.png; path = "button-green-pressed@2x.png"; sourceTree = "<group>"; };
		35633BB115640D3F00BDD599 /* button-green.png */ = {isa = PBXFileReference; lastKnownFileType = image.png; path = "button-green.png"; sourceTree = "<group>"; };
		35633BB215640D3F00BDD599 /* button-green@2x.png */ = {isa = PBXFileReference; lastKnownFileType = image.png; path = "button-green@2x.png"; sourceTree = "<group>"; };
		35633BB315640D3F00BDD599 /* button-red-pressed.png */ = {isa = PBXFileReference; lastKnownFileType = image.png; path = "button-red-pressed.png"; sourceTree = "<group>"; };
		35633BB415640D3F00BDD599 /* button-red-pressed@2x.png */ = {isa = PBXFileReference; lastKnownFileType = image.png; path = "button-red-pressed@2x.png"; sourceTree = "<group>"; };
		35633BB515640D3F00BDD599 /* button-red.png */ = {isa = PBXFileReference; lastKnownFileType = image.png; path = "button-red.png"; sourceTree = "<group>"; };
		35633BB615640D3F00BDD599 /* button-red@2x.png */ = {isa = PBXFileReference; lastKnownFileType = image.png; path = "button-red@2x.png"; sourceTree = "<group>"; };
		35633BB715640D3F00BDD599 /* list-arrow.png */ = {isa = PBXFileReference; lastKnownFileType = image.png; path = "list-arrow.png"; sourceTree = "<group>"; };
		35633BB815640D3F00BDD599 /* list-arrow@2x.png */ = {isa = PBXFileReference; lastKnownFileType = image.png; path = "list-arrow@2x.png"; sourceTree = "<group>"; };
		35633BB915640D3F00BDD599 /* list-frame.png */ = {isa = PBXFileReference; lastKnownFileType = image.png; path = "list-frame.png"; sourceTree = "<group>"; };
		35633BBA15640D3F00BDD599 /* list-frame@2x.png */ = {isa = PBXFileReference; lastKnownFileType = image.png; path = "list-frame@2x.png"; sourceTree = "<group>"; };
		35633BBB15640D3F00BDD599 /* list-item-bg.png */ = {isa = PBXFileReference; lastKnownFileType = image.png; path = "list-item-bg.png"; sourceTree = "<group>"; };
		35633BBC15640D3F00BDD599 /* list-item-bg@2x.png */ = {isa = PBXFileReference; lastKnownFileType = image.png; path = "list-item-bg@2x.png"; sourceTree = "<group>"; };
		35633BBD15640D3F00BDD599 /* menubar-button.png */ = {isa = PBXFileReference; lastKnownFileType = image.png; path = "menubar-button.png"; sourceTree = "<group>"; };
		35633BBE15640D3F00BDD599 /* menubar-button@2x.png */ = {isa = PBXFileReference; lastKnownFileType = image.png; path = "menubar-button@2x.png"; sourceTree = "<group>"; };
		35633BBF15640D3F00BDD599 /* menubar-left.png */ = {isa = PBXFileReference; lastKnownFileType = image.png; path = "menubar-left.png"; sourceTree = "<group>"; };
		35633BC015640D3F00BDD599 /* menubar-left@2x.png */ = {isa = PBXFileReference; lastKnownFileType = image.png; path = "menubar-left@2x.png"; sourceTree = "<group>"; };
		35633BC115640D3F00BDD599 /* menubar-right.png */ = {isa = PBXFileReference; lastKnownFileType = image.png; path = "menubar-right.png"; sourceTree = "<group>"; };
		35633BC215640D3F00BDD599 /* menubar-right@2x.png */ = {isa = PBXFileReference; lastKnownFileType = image.png; path = "menubar-right@2x.png"; sourceTree = "<group>"; };
		35633BC315640D3F00BDD599 /* menubar.png */ = {isa = PBXFileReference; lastKnownFileType = image.png; path = menubar.png; sourceTree = "<group>"; };
		35633BC415640D3F00BDD599 /* menubar@2x.png */ = {isa = PBXFileReference; lastKnownFileType = image.png; path = "menubar@2x.png"; sourceTree = "<group>"; };
		35633BC515640D3F00BDD599 /* navbar-button.png */ = {isa = PBXFileReference; lastKnownFileType = image.png; path = "navbar-button.png"; sourceTree = "<group>"; };
		35633BC615640D3F00BDD599 /* navbar-button@2x.png */ = {isa = PBXFileReference; lastKnownFileType = image.png; path = "navbar-button@2x.png"; sourceTree = "<group>"; };
		35633BC715640D3F00BDD599 /* popover-arrow-bottom.png */ = {isa = PBXFileReference; lastKnownFileType = image.png; path = "popover-arrow-bottom.png"; sourceTree = "<group>"; };
		35633BC815640D3F00BDD599 /* popover-arrow-bottom@2x.png */ = {isa = PBXFileReference; lastKnownFileType = image.png; path = "popover-arrow-bottom@2x.png"; sourceTree = "<group>"; };
		35633BC915640D3F00BDD599 /* popover-arrow-left.png */ = {isa = PBXFileReference; lastKnownFileType = image.png; path = "popover-arrow-left.png"; sourceTree = "<group>"; };
		35633BCA15640D3F00BDD599 /* popover-arrow-left@2x.png */ = {isa = PBXFileReference; lastKnownFileType = image.png; path = "popover-arrow-left@2x.png"; sourceTree = "<group>"; };
		35633BCB15640D3F00BDD599 /* popover-arrow-right.png */ = {isa = PBXFileReference; lastKnownFileType = image.png; path = "popover-arrow-right.png"; sourceTree = "<group>"; };
		35633BCC15640D3F00BDD599 /* popover-arrow-right@2x.png */ = {isa = PBXFileReference; lastKnownFileType = image.png; path = "popover-arrow-right@2x.png"; sourceTree = "<group>"; };
		35633BCD15640D3F00BDD599 /* popover-arrow-top.png */ = {isa = PBXFileReference; lastKnownFileType = image.png; path = "popover-arrow-top.png"; sourceTree = "<group>"; };
		35633BCE15640D3F00BDD599 /* popover-arrow-top@2x.png */ = {isa = PBXFileReference; lastKnownFileType = image.png; path = "popover-arrow-top@2x.png"; sourceTree = "<group>"; };
		35633BCF15640D3F00BDD599 /* popover-background.png */ = {isa = PBXFileReference; lastKnownFileType = image.png; path = "popover-background.png"; sourceTree = "<group>"; };
		35633BD015640D3F00BDD599 /* popover-background@2x.png */ = {isa = PBXFileReference; lastKnownFileType = image.png; path = "popover-background@2x.png"; sourceTree = "<group>"; };
		35633BD115640D3F00BDD599 /* popover-menu-first-selected.png */ = {isa = PBXFileReference; lastKnownFileType = image.png; path = "popover-menu-first-selected.png"; sourceTree = "<group>"; };
		35633BD215640D3F00BDD599 /* popover-menu-first-selected@2x.png */ = {isa = PBXFileReference; lastKnownFileType = image.png; path = "popover-menu-first-selected@2x.png"; sourceTree = "<group>"; };
		35633BD315640D3F00BDD599 /* popover-menu-first.png */ = {isa = PBXFileReference; lastKnownFileType = image.png; path = "popover-menu-first.png"; sourceTree = "<group>"; };
		35633BD415640D3F00BDD599 /* popover-menu-first@2x.png */ = {isa = PBXFileReference; lastKnownFileType = image.png; path = "popover-menu-first@2x.png"; sourceTree = "<group>"; };
		35633BD515640D3F00BDD599 /* popover-menu-last-selected.png */ = {isa = PBXFileReference; lastKnownFileType = image.png; path = "popover-menu-last-selected.png"; sourceTree = "<group>"; };
		35633BD615640D3F00BDD599 /* popover-menu-last-selected@2x.png */ = {isa = PBXFileReference; lastKnownFileType = image.png; path = "popover-menu-last-selected@2x.png"; sourceTree = "<group>"; };
		35633BD715640D3F00BDD599 /* popover-menu-last.png */ = {isa = PBXFileReference; lastKnownFileType = image.png; path = "popover-menu-last.png"; sourceTree = "<group>"; };
		35633BD815640D3F00BDD599 /* popover-menu-last@2x.png */ = {isa = PBXFileReference; lastKnownFileType = image.png; path = "popover-menu-last@2x.png"; sourceTree = "<group>"; };
		35633BD915640D3F00BDD599 /* popover-menu-middle-selected.png */ = {isa = PBXFileReference; lastKnownFileType = image.png; path = "popover-menu-middle-selected.png"; sourceTree = "<group>"; };
		35633BDA15640D3F00BDD599 /* popover-menu-middle-selected@2x.png */ = {isa = PBXFileReference; lastKnownFileType = image.png; path = "popover-menu-middle-selected@2x.png"; sourceTree = "<group>"; };
		35633BDB15640D3F00BDD599 /* popover-menu-middle.png */ = {isa = PBXFileReference; lastKnownFileType = image.png; path = "popover-menu-middle.png"; sourceTree = "<group>"; };
		35633BDC15640D3F00BDD599 /* popover-menu-middle@2x.png */ = {isa = PBXFileReference; lastKnownFileType = image.png; path = "popover-menu-middle@2x.png"; sourceTree = "<group>"; };
		35633BDD15640D3F00BDD599 /* popover-table-header.png */ = {isa = PBXFileReference; lastKnownFileType = image.png; path = "popover-table-header.png"; sourceTree = "<group>"; };
		35633BDE15640D3F00BDD599 /* popover-table-header@2x.png */ = {isa = PBXFileReference; lastKnownFileType = image.png; path = "popover-table-header@2x.png"; sourceTree = "<group>"; };
		35633BDF15640D3F00BDD599 /* progress-fill.png */ = {isa = PBXFileReference; lastKnownFileType = image.png; path = "progress-fill.png"; sourceTree = "<group>"; };
		35633BE015640D3F00BDD599 /* progress-fill@2x.png */ = {isa = PBXFileReference; lastKnownFileType = image.png; path = "progress-fill@2x.png"; sourceTree = "<group>"; };
		35633BE115640D3F00BDD599 /* progress-track.png */ = {isa = PBXFileReference; lastKnownFileType = image.png; path = "progress-track.png"; sourceTree = "<group>"; };
		35633BE215640D3F00BDD599 /* progress-track@2x.png */ = {isa = PBXFileReference; lastKnownFileType = image.png; path = "progress-track@2x.png"; sourceTree = "<group>"; };
		35633BE315640D3F00BDD599 /* searchbar-bg.png */ = {isa = PBXFileReference; lastKnownFileType = image.png; path = "searchbar-bg.png"; sourceTree = "<group>"; };
		35633BE415640D3F00BDD599 /* searchbar-bg@2x.png */ = {isa = PBXFileReference; lastKnownFileType = image.png; path = "searchbar-bg@2x.png"; sourceTree = "<group>"; };
		35633BE515640D3F00BDD599 /* segment-normal-left.png */ = {isa = PBXFileReference; lastKnownFileType = image.png; path = "segment-normal-left.png"; sourceTree = "<group>"; };
		35633BE615640D3F00BDD599 /* segment-normal-left@2x.png */ = {isa = PBXFileReference; lastKnownFileType = image.png; path = "segment-normal-left@2x.png"; sourceTree = "<group>"; };
		35633BE715640D3F00BDD599 /* segment-normal-middle.png */ = {isa = PBXFileReference; lastKnownFileType = image.png; path = "segment-normal-middle.png"; sourceTree = "<group>"; };
		35633BE815640D3F00BDD599 /* segment-normal-middle@2x.png */ = {isa = PBXFileReference; lastKnownFileType = image.png; path = "segment-normal-middle@2x.png"; sourceTree = "<group>"; };
		35633BE915640D3F00BDD599 /* segment-normal-right.png */ = {isa = PBXFileReference; lastKnownFileType = image.png; path = "segment-normal-right.png"; sourceTree = "<group>"; };
		35633BEA15640D3F00BDD599 /* segment-normal-right@2x.png */ = {isa = PBXFileReference; lastKnownFileType = image.png; path = "segment-normal-right@2x.png"; sourceTree = "<group>"; };
		35633BEB15640D3F00BDD599 /* segment-selected-left.png */ = {isa = PBXFileReference; lastKnownFileType = image.png; path = "segment-selected-left.png"; sourceTree = "<group>"; };
		35633BEC15640D3F00BDD599 /* segment-selected-left@2x.png */ = {isa = PBXFileReference; lastKnownFileType = image.png; path = "segment-selected-left@2x.png"; sourceTree = "<group>"; };
		35633BED15640D3F00BDD599 /* segment-selected-middle.png */ = {isa = PBXFileReference; lastKnownFileType = image.png; path = "segment-selected-middle.png"; sourceTree = "<group>"; };
		35633BEE15640D3F00BDD599 /* segment-selected-middle@2x.png */ = {isa = PBXFileReference; lastKnownFileType = image.png; path = "segment-selected-middle@2x.png"; sourceTree = "<group>"; };
		35633BEF15640D3F00BDD599 /* segment-selected-right.png */ = {isa = PBXFileReference; lastKnownFileType = image.png; path = "segment-selected-right.png"; sourceTree = "<group>"; };
		35633BF015640D3F00BDD599 /* segment-selected-right@2x.png */ = {isa = PBXFileReference; lastKnownFileType = image.png; path = "segment-selected-right@2x.png"; sourceTree = "<group>"; };
		35633BF115640D3F00BDD599 /* slider-fill.png */ = {isa = PBXFileReference; lastKnownFileType = image.png; path = "slider-fill.png"; sourceTree = "<group>"; };
		35633BF215640D3F00BDD599 /* slider-fill@2x.png */ = {isa = PBXFileReference; lastKnownFileType = image.png; path = "slider-fill@2x.png"; sourceTree = "<group>"; };
		35633BF315640D3F00BDD599 /* slider-handle.png */ = {isa = PBXFileReference; lastKnownFileType = image.png; path = "slider-handle.png"; sourceTree = "<group>"; };
		35633BF415640D3F00BDD599 /* slider-handle@2x.png */ = {isa = PBXFileReference; lastKnownFileType = image.png; path = "slider-handle@2x.png"; sourceTree = "<group>"; };
		35633BF515640D3F00BDD599 /* slider-track.png */ = {isa = PBXFileReference; lastKnownFileType = image.png; path = "slider-track.png"; sourceTree = "<group>"; };
		35633BF615640D3F00BDD599 /* slider-track@2x.png */ = {isa = PBXFileReference; lastKnownFileType = image.png; path = "slider-track@2x.png"; sourceTree = "<group>"; };
		35633BF715640D3F00BDD599 /* switch-off.png */ = {isa = PBXFileReference; lastKnownFileType = image.png; path = "switch-off.png"; sourceTree = "<group>"; };
		35633BF815640D3F00BDD599 /* switch-off@2x.png */ = {isa = PBXFileReference; lastKnownFileType = image.png; path = "switch-off@2x.png"; sourceTree = "<group>"; };
		35633BF915640D3F00BDD599 /* switch-on.png */ = {isa = PBXFileReference; lastKnownFileType = image.png; path = "switch-on.png"; sourceTree = "<group>"; };
		35633BFA15640D3F00BDD599 /* switch-on@2x.png */ = {isa = PBXFileReference; lastKnownFileType = image.png; path = "switch-on@2x.png"; sourceTree = "<group>"; };
		35633BFB15640D3F00BDD599 /* switch-thumb-off.png */ = {isa = PBXFileReference; lastKnownFileType = image.png; path = "switch-thumb-off.png"; sourceTree = "<group>"; };
		35633BFC15640D3F00BDD599 /* switch-thumb-off@2x.png */ = {isa = PBXFileReference; lastKnownFileType = image.png; path = "switch-thumb-off@2x.png"; sourceTree = "<group>"; };
		35633BFD15640D3F00BDD599 /* switch-thumb-on.png */ = {isa = PBXFileReference; lastKnownFileType = image.png; path = "switch-thumb-on.png"; sourceTree = "<group>"; };
		35633BFE15640D3F00BDD599 /* switch-thumb-on@2x.png */ = {isa = PBXFileReference; lastKnownFileType = image.png; path = "switch-thumb-on@2x.png"; sourceTree = "<group>"; };
		35633BFF15640D3F00BDD599 /* switch-thumb-shadow.png */ = {isa = PBXFileReference; lastKnownFileType = image.png; path = "switch-thumb-shadow.png"; sourceTree = "<group>"; };
		35633C0015640D3F00BDD599 /* switch-thumb-shadow@2x.png */ = {isa = PBXFileReference; lastKnownFileType = image.png; path = "switch-thumb-shadow@2x.png"; sourceTree = "<group>"; };
		35633C0115640D3F00BDD599 /* tab-icon1.png */ = {isa = PBXFileReference; lastKnownFileType = image.png; path = "tab-icon1.png"; sourceTree = "<group>"; };
		35633C0215640D3F00BDD599 /* tab-icon1@2x.png */ = {isa = PBXFileReference; lastKnownFileType = image.png; path = "tab-icon1@2x.png"; sourceTree = "<group>"; };
		35633C0315640D3F00BDD599 /* tab-icon2.png */ = {isa = PBXFileReference; lastKnownFileType = image.png; path = "tab-icon2.png"; sourceTree = "<group>"; };
		35633C0415640D3F00BDD599 /* tab-icon2@2x.png */ = {isa = PBXFileReference; lastKnownFileType = image.png; path = "tab-icon2@2x.png"; sourceTree = "<group>"; };
		35633C0515640D3F00BDD599 /* tab-icon3.png */ = {isa = PBXFileReference; lastKnownFileType = image.png; path = "tab-icon3.png"; sourceTree = "<group>"; };
		35633C0615640D3F00BDD599 /* tab-icon3.psd */ = {isa = PBXFileReference; lastKnownFileType = file; path = "tab-icon3.psd"; sourceTree = "<group>"; };
		35633C0715640D3F00BDD599 /* tab-icon3@2x.png */ = {isa = PBXFileReference; lastKnownFileType = image.png; path = "tab-icon3@2x.png"; sourceTree = "<group>"; };
		35633C0815640D3F00BDD599 /* tab-icon4.png */ = {isa = PBXFileReference; lastKnownFileType = image.png; path = "tab-icon4.png"; sourceTree = "<group>"; };
		35633C0915640D3F00BDD599 /* tab-icon4@2x.png */ = {isa = PBXFileReference; lastKnownFileType = image.png; path = "tab-icon4@2x.png"; sourceTree = "<group>"; };
		35633C0A15640D3F00BDD599 /* tabbar-active.png */ = {isa = PBXFileReference; lastKnownFileType = image.png; path = "tabbar-active.png"; sourceTree = "<group>"; };
		35633C0B15640D3F00BDD599 /* tabbar-active@2x.png */ = {isa = PBXFileReference; lastKnownFileType = image.png; path = "tabbar-active@2x.png"; sourceTree = "<group>"; };
		35633C0C15640D3F00BDD599 /* tabbar.png */ = {isa = PBXFileReference; lastKnownFileType = image.png; path = tabbar.png; sourceTree = "<group>"; };
		35633C0D15640D3F00BDD599 /* tabbar@2x.png */ = {isa = PBXFileReference; lastKnownFileType = image.png; path = "tabbar@2x.png"; sourceTree = "<group>"; };
		35633C0E15640D3F00BDD599 /* text-input.png */ = {isa = PBXFileReference; lastKnownFileType = image.png; path = "text-input.png"; sourceTree = "<group>"; };
		35633C0F15640D3F00BDD599 /* text-input@2x.png */ = {isa = PBXFileReference; lastKnownFileType = image.png; path = "text-input@2x.png"; sourceTree = "<group>"; };
		7F9B87B01614EEC1005A2B50 /* bg-568h@2x.png */ = {isa = PBXFileReference; lastKnownFileType = image.png; path = "bg-568h@2x.png"; sourceTree = "<group>"; };
		7F9B87B31614EEC9005A2B50 /* Default-568h@2x.png */ = {isa = PBXFileReference; lastKnownFileType = image.png; path = "Default-568h@2x.png"; sourceTree = "<group>"; };
		7F9B87B71614EEFB005A2B50 /* ADVPopoverProgressBar.h */ = {isa = PBXFileReference; fileEncoding = 4; lastKnownFileType = sourcecode.c.h; path = ADVPopoverProgressBar.h; sourceTree = "<group>"; };
		7F9B87B81614EEFB005A2B50 /* ADVPopoverProgressBar.m */ = {isa = PBXFileReference; fileEncoding = 4; lastKnownFileType = sourcecode.c.objc; path = ADVPopoverProgressBar.m; sourceTree = "<group>"; };
		7F9B87BA1614EEFB005A2B50 /* BlockAlertView.h */ = {isa = PBXFileReference; fileEncoding = 4; lastKnownFileType = sourcecode.c.h; path = BlockAlertView.h; sourceTree = "<group>"; };
		7F9B87BB1614EEFB005A2B50 /* BlockAlertView.m */ = {isa = PBXFileReference; fileEncoding = 4; lastKnownFileType = sourcecode.c.objc; path = BlockAlertView.m; sourceTree = "<group>"; };
		7F9B87BC1614EEFB005A2B50 /* BlockBackground.h */ = {isa = PBXFileReference; fileEncoding = 4; lastKnownFileType = sourcecode.c.h; path = BlockBackground.h; sourceTree = "<group>"; };
		7F9B87BD1614EEFB005A2B50 /* BlockBackground.m */ = {isa = PBXFileReference; fileEncoding = 4; lastKnownFileType = sourcecode.c.objc; path = BlockBackground.m; sourceTree = "<group>"; };
		7F9B87BE1614EEFB005A2B50 /* BlockUI.h */ = {isa = PBXFileReference; fileEncoding = 4; lastKnownFileType = sourcecode.c.h; path = BlockUI.h; sourceTree = "<group>"; };
		7F9B87C11614EEFB005A2B50 /* UIImage+iPhone5.h */ = {isa = PBXFileReference; fileEncoding = 4; lastKnownFileType = sourcecode.c.h; path = "UIImage+iPhone5.h"; sourceTree = "<group>"; };
		7F9B87C21614EEFB005A2B50 /* UIImage+iPhone5.m */ = {isa = PBXFileReference; fileEncoding = 4; lastKnownFileType = sourcecode.c.objc; path = "UIImage+iPhone5.m"; sourceTree = "<group>"; };
		7F9B87C41614EEFB005A2B50 /* CustomPopoverBackgroundView.h */ = {isa = PBXFileReference; fileEncoding = 4; lastKnownFileType = sourcecode.c.h; path = CustomPopoverBackgroundView.h; sourceTree = "<group>"; };
		7F9B87C51614EEFB005A2B50 /* CustomPopoverBackgroundView.m */ = {isa = PBXFileReference; fileEncoding = 4; lastKnownFileType = sourcecode.c.objc; path = CustomPopoverBackgroundView.m; sourceTree = "<group>"; };
		7F9B87C61614EEFB005A2B50 /* KSCustomPopoverBackgroundView.h */ = {isa = PBXFileReference; fileEncoding = 4; lastKnownFileType = sourcecode.c.h; path = KSCustomPopoverBackgroundView.h; sourceTree = "<group>"; };
		7F9B87C71614EEFB005A2B50 /* KSCustomPopoverBackgroundView.m */ = {isa = PBXFileReference; fileEncoding = 4; lastKnownFileType = sourcecode.c.objc; path = KSCustomPopoverBackgroundView.m; sourceTree = "<group>"; };
		7F9B87C91614EEFB005A2B50 /* CustomSegmentedControl.h */ = {isa = PBXFileReference; fileEncoding = 4; lastKnownFileType = sourcecode.c.h; path = CustomSegmentedControl.h; sourceTree = "<group>"; };
		7F9B87CA1614EEFB005A2B50 /* CustomSegmentedControl.m */ = {isa = PBXFileReference; fileEncoding = 4; lastKnownFileType = sourcecode.c.objc; path = CustomSegmentedControl.m; sourceTree = "<group>"; };
		7F9B87CC1614EEFB005A2B50 /* RCSwitch.h */ = {isa = PBXFileReference; fileEncoding = 4; lastKnownFileType = sourcecode.c.h; path = RCSwitch.h; sourceTree = "<group>"; };
		7F9B87CD1614EEFB005A2B50 /* RCSwitch.m */ = {isa = PBXFileReference; fileEncoding = 4; lastKnownFileType = sourcecode.c.objc; path = RCSwitch.m; sourceTree = "<group>"; };
		7F9B87CE1614EEFB005A2B50 /* RCSwitchOnOff.h */ = {isa = PBXFileReference; fileEncoding = 4; lastKnownFileType = sourcecode.c.h; path = RCSwitchOnOff.h; sourceTree = "<group>"; };
		7F9B87CF1614EEFB005A2B50 /* RCSwitchOnOff.m */ = {isa = PBXFileReference; fileEncoding = 4; lastKnownFileType = sourcecode.c.objc; path = RCSwitchOnOff.m; sourceTree = "<group>"; };
		7F9B87D01614EEFB005A2B50 /* SampleSegment.h */ = {isa = PBXFileReference; fileEncoding = 4; lastKnownFileType = sourcecode.c.h; path = SampleSegment.h; sourceTree = "<group>"; };
		7F9B87D11614EEFB005A2B50 /* SampleSegment.m */ = {isa = PBXFileReference; fileEncoding = 4; lastKnownFileType = sourcecode.c.objc; path = SampleSegment.m; sourceTree = "<group>"; };
		7F9B87D31614EEFB005A2B50 /* PopoverSegment.h */ = {isa = PBXFileReference; fileEncoding = 4; lastKnownFileType = sourcecode.c.h; path = PopoverSegment.h; sourceTree = "<group>"; };
		7F9B87D41614EEFB005A2B50 /* PopoverSegment.m */ = {isa = PBXFileReference; fileEncoding = 4; lastKnownFileType = sourcecode.c.objc; path = PopoverSegment.m; sourceTree = "<group>"; };
		7F9B87D61614EEFB005A2B50 /* STSegmentedControl (f v's conflicted copy 2012-04-24).h */ = {isa = PBXFileReference; fileEncoding = 4; lastKnownFileType = sourcecode.c.h; path = "STSegmentedControl (f v's conflicted copy 2012-04-24).h"; sourceTree = "<group>"; };
		7F9B87D71614EEFB005A2B50 /* STSegmentedControl.h */ = {isa = PBXFileReference; fileEncoding = 4; lastKnownFileType = sourcecode.c.h; path = STSegmentedControl.h; sourceTree = "<group>"; };
		7F9B87D81614EEFB005A2B50 /* STSegmentedControl.m */ = {isa = PBXFileReference; fileEncoding = 4; lastKnownFileType = sourcecode.c.objc; path = STSegmentedControl.m; sourceTree = "<group>"; };
		AA8959E517DA8AC30089813E /* Utils.h */ = {isa = PBXFileReference; fileEncoding = 4; lastKnownFileType = sourcecode.c.h; path = Utils.h; sourceTree = "<group>"; };
		AA8959E617DA8AC30089813E /* Utils.m */ = {isa = PBXFileReference; fileEncoding = 4; lastKnownFileType = sourcecode.c.objc; path = Utils.m; sourceTree = "<group>"; };
		AA8959E817DAA9E70089813E /* menubar-7.png */ = {isa = PBXFileReference; lastKnownFileType = image.png; path = "menubar-7.png"; sourceTree = "<group>"; };
		AA8959E917DAA9E70089813E /* menubar-7@2x.png */ = {isa = PBXFileReference; lastKnownFileType = image.png; path = "menubar-7@2x.png"; sourceTree = "<group>"; };
		AA8959EC17DB69CE0089813E /* transparentShadow.png */ = {isa = PBXFileReference; lastKnownFileType = image.png; path = transparentShadow.png; sourceTree = "<group>"; };
		AA8959EE17DB72FD0089813E /* menubar-right-7.png */ = {isa = PBXFileReference; lastKnownFileType = image.png; path = "menubar-right-7.png"; sourceTree = "<group>"; };
		AA8959EF17DB72FD0089813E /* menubar-right-7@2x.png */ = {isa = PBXFileReference; lastKnownFileType = image.png; path = "menubar-right-7@2x.png"; sourceTree = "<group>"; };
		ECB1B8961510FC2A004446DA /* QuartzCore.framework */ = {isa = PBXFileReference; lastKnownFileType = wrapper.framework; name = QuartzCore.framework; path = System/Library/Frameworks/QuartzCore.framework; sourceTree = SDKROOT; };
		ECF3E45C151074BD00A8D893 /* gunmetal.app */ = {isa = PBXFileReference; explicitFileType = wrapper.application; includeInIndex = 0; path = gunmetal.app; sourceTree = BUILT_PRODUCTS_DIR; };
		ECF3E460151074BD00A8D893 /* UIKit.framework */ = {isa = PBXFileReference; lastKnownFileType = wrapper.framework; name = UIKit.framework; path = System/Library/Frameworks/UIKit.framework; sourceTree = SDKROOT; };
		ECF3E462151074BD00A8D893 /* Foundation.framework */ = {isa = PBXFileReference; lastKnownFileType = wrapper.framework; name = Foundation.framework; path = System/Library/Frameworks/Foundation.framework; sourceTree = SDKROOT; };
		ECF3E464151074BD00A8D893 /* CoreGraphics.framework */ = {isa = PBXFileReference; lastKnownFileType = wrapper.framework; name = CoreGraphics.framework; path = System/Library/Frameworks/CoreGraphics.framework; sourceTree = SDKROOT; };
/* End PBXFileReference section */

/* Begin PBXFrameworksBuildPhase section */
		ECF3E459151074BD00A8D893 /* Frameworks */ = {
			isa = PBXFrameworksBuildPhase;
			buildActionMask = 2147483647;
			files = (
				ECB1B8971510FC2A004446DA /* QuartzCore.framework in Frameworks */,
				ECF3E461151074BD00A8D893 /* UIKit.framework in Frameworks */,
				ECF3E463151074BD00A8D893 /* Foundation.framework in Frameworks */,
				ECF3E465151074BD00A8D893 /* CoreGraphics.framework in Frameworks */,
			);
			runOnlyForDeploymentPostprocessing = 0;
		};
/* End PBXFrameworksBuildPhase section */

/* Begin PBXGroup section */
		35633B4615640D3F00BDD599 /* gunmetal */ = {
			isa = PBXGroup;
			children = (
				35633B6515640D3F00BDD599 /* MainStoryboard.storyboard */,
				35633B6715640D3F00BDD599 /* MainStoryboard_iPhone.storyboard */,
				35633B4715640D3F00BDD599 /* Classes */,
				35633B8C15640D3F00BDD599 /* Resources */,
			);
			path = gunmetal;
			sourceTree = "<group>";
		};
		35633B4715640D3F00BDD599 /* Classes */ = {
			isa = PBXGroup;
			children = (
				AA8959E417DA8AC30089813E /* Utils */,
				35633B4815640D3F00BDD599 /* AppDelegate */,
				7F9B87B51614EEFB005A2B50 /* Libraries */,
				35633B4B15640D3F00BDD599 /* Table Cells */,
				35633B4E15640D3F00BDD599 /* Views */,
			);
			path = Classes;
			sourceTree = "<group>";
		};
		35633B4815640D3F00BDD599 /* AppDelegate */ = {
			isa = PBXGroup;
			children = (
				35633B4915640D3F00BDD599 /* AppDelegate.h */,
				35633B4A15640D3F00BDD599 /* AppDelegate.m */,
			);
			path = AppDelegate;
			sourceTree = "<group>";
		};
		35633B4B15640D3F00BDD599 /* Table Cells */ = {
			isa = PBXGroup;
			children = (
				35633B4C15640D3F00BDD599 /* MasterCell.h */,
				35633B4D15640D3F00BDD599 /* MasterCell.m */,
			);
			path = "Table Cells";
			sourceTree = "<group>";
		};
		35633B4E15640D3F00BDD599 /* Views */ = {
			isa = PBXGroup;
			children = (
				35633B4F15640D3F00BDD599 /* iPad Views */,
				35633B5915640D3F00BDD599 /* iPhone Views */,
			);
			path = Views;
			sourceTree = "<group>";
		};
		35633B4F15640D3F00BDD599 /* iPad Views */ = {
			isa = PBXGroup;
			children = (
				35633B5015640D3F00BDD599 /* DetailView */,
				35633B5315640D3F00BDD599 /* MasterView */,
				35633B5615640D3F00BDD599 /* Popover */,
			);
			path = "iPad Views";
			sourceTree = "<group>";
		};
		35633B5015640D3F00BDD599 /* DetailView */ = {
			isa = PBXGroup;
			children = (
				35633B5115640D3F00BDD599 /* DetailThemeiPadController.h */,
				35633B5215640D3F00BDD599 /* DetailThemeiPadController.m */,
			);
			path = DetailView;
			sourceTree = "<group>";
		};
		35633B5315640D3F00BDD599 /* MasterView */ = {
			isa = PBXGroup;
			children = (
				35633B5415640D3F00BDD599 /* MasterViewController.h */,
				35633B5515640D3F00BDD599 /* MasterViewController.m */,
			);
			path = MasterView;
			sourceTree = "<group>";
		};
		35633B5615640D3F00BDD599 /* Popover */ = {
			isa = PBXGroup;
			children = (
				35633B5715640D3F00BDD599 /* PopoverDemoController.h */,
				35633B5815640D3F00BDD599 /* PopoverDemoController.m */,
			);
			path = Popover;
			sourceTree = "<group>";
		};
		35633B5915640D3F00BDD599 /* iPhone Views */ = {
			isa = PBXGroup;
			children = (
				35633B5A15640D3F00BDD599 /* ControlsView */,
				35633B5D15640D3F00BDD599 /* ElementsView */,
				35633B6015640D3F00BDD599 /* ListView */,
			);
			path = "iPhone Views";
			sourceTree = "<group>";
		};
		35633B5A15640D3F00BDD599 /* ControlsView */ = {
			isa = PBXGroup;
			children = (
				35633B5B15640D3F00BDD599 /* iPhoneControlsController.h */,
				35633B5C15640D3F00BDD599 /* iPhoneControlsController.m */,
			);
			path = ControlsView;
			sourceTree = "<group>";
		};
		35633B5D15640D3F00BDD599 /* ElementsView */ = {
			isa = PBXGroup;
			children = (
				35633B5E15640D3F00BDD599 /* iPhoneElementsController.h */,
				35633B5F15640D3F00BDD599 /* iPhoneElementsController.m */,
			);
			path = ElementsView;
			sourceTree = "<group>";
		};
		35633B6015640D3F00BDD599 /* ListView */ = {
			isa = PBXGroup;
			children = (
				35633B6115640D3F00BDD599 /* ListViewController.h */,
				35633B6215640D3F00BDD599 /* ListViewController.m */,
			);
			path = ListView;
			sourceTree = "<group>";
		};
		35633B8C15640D3F00BDD599 /* Resources */ = {
			isa = PBXGroup;
			children = (
				AA8959EC17DB69CE0089813E /* transparentShadow.png */,
				35633B8D15640D3F00BDD599 /* alert-bg.png */,
				35633B8E15640D3F00BDD599 /* alert-bg@2x.png */,
				35633B8F15640D3F00BDD599 /* alert-black-button.png */,
				35633B9015640D3F00BDD599 /* alert-green-button.png */,
				35633B9115640D3F00BDD599 /* alert-green-button@2x.png */,
				35633B9215640D3F00BDD599 /* alert-red-button.png */,
				35633B9315640D3F00BDD599 /* alert-red-button@2x.png */,
				35633B9415640D3F00BDD599 /* alert-window.png */,
				35633B9515640D3F00BDD599 /* alert-window@2x.png */,
				35633B9615640D3F00BDD599 /* avatar1.png */,
				35633B9715640D3F00BDD599 /* avatar2.png */,
				35633B9815640D3F00BDD599 /* avatar3.png */,
				35633B9915640D3F00BDD599 /* avatar4.png */,
				35633B9A15640D3F00BDD599 /* avatar5.png */,
				35633B9B15640D3F00BDD599 /* back.png */,
				35633B9C15640D3F00BDD599 /* back@2x.png */,
				35633B9D15640D3F00BDD599 /* bg.png */,
				35633B9E15640D3F00BDD599 /* bg@2x.png */,
				7F9B87B01614EEC1005A2B50 /* bg-568h@2x.png */,
				35633B9F15640D3F00BDD599 /* bg_landscape.png */,
				35633BA015640D3F00BDD599 /* bg_landscape@2x.png */,
				35633BA115640D3F00BDD599 /* button-aluminium-large.png */,
				35633BA215640D3F00BDD599 /* button-aluminium-large@2x.png */,
				35633BA315640D3F00BDD599 /* button-aluminum-pressed.png */,
				35633BA415640D3F00BDD599 /* button-aluminum-pressed@2x.png */,
				35633BA515640D3F00BDD599 /* button-aluminum.png */,
				35633BA615640D3F00BDD599 /* button-aluminum@2x.png */,
				35633BA715640D3F00BDD599 /* button-black-large.png */,
				35633BA815640D3F00BDD599 /* button-black-large@2x.png */,
				35633BA915640D3F00BDD599 /* button-black-pressed.png */,
				35633BAA15640D3F00BDD599 /* button-black-pressed@2x.png */,
				35633BAB15640D3F00BDD599 /* button-black.png */,
				35633BAC15640D3F00BDD599 /* button-black@2x.png */,
				35633BAD15640D3F00BDD599 /* button-green-large.png */,
				35633BAE15640D3F00BDD599 /* button-green-large@2x.png */,
				35633BAF15640D3F00BDD599 /* button-green-pressed.png */,
				35633BB015640D3F00BDD599 /* button-green-pressed@2x.png */,
				35633BB115640D3F00BDD599 /* button-green.png */,
				35633BB215640D3F00BDD599 /* button-green@2x.png */,
				35633BB315640D3F00BDD599 /* button-red-pressed.png */,
				35633BB415640D3F00BDD599 /* button-red-pressed@2x.png */,
				35633BB515640D3F00BDD599 /* button-red.png */,
				35633BB615640D3F00BDD599 /* button-red@2x.png */,
				7F9B87B31614EEC9005A2B50 /* Default-568h@2x.png */,
				35633BB715640D3F00BDD599 /* list-arrow.png */,
				35633BB815640D3F00BDD599 /* list-arrow@2x.png */,
				35633BB915640D3F00BDD599 /* list-frame.png */,
				35633BBA15640D3F00BDD599 /* list-frame@2x.png */,
				35633BBB15640D3F00BDD599 /* list-item-bg.png */,
				35633BBC15640D3F00BDD599 /* list-item-bg@2x.png */,
				35633BBD15640D3F00BDD599 /* menubar-button.png */,
				35633BBE15640D3F00BDD599 /* menubar-button@2x.png */,
				35633BBF15640D3F00BDD599 /* menubar-left.png */,
				35633BC015640D3F00BDD599 /* menubar-left@2x.png */,
				AA8959EE17DB72FD0089813E /* menubar-right-7.png */,
				AA8959EF17DB72FD0089813E /* menubar-right-7@2x.png */,
				35633BC115640D3F00BDD599 /* menubar-right.png */,
				35633BC215640D3F00BDD599 /* menubar-right@2x.png */,
				AA8959E817DAA9E70089813E /* menubar-7.png */,
				AA8959E917DAA9E70089813E /* menubar-7@2x.png */,
				35633BC315640D3F00BDD599 /* menubar.png */,
				35633BC415640D3F00BDD599 /* menubar@2x.png */,
				35633BC515640D3F00BDD599 /* navbar-button.png */,
				35633BC615640D3F00BDD599 /* navbar-button@2x.png */,
				35633BC715640D3F00BDD599 /* popover-arrow-bottom.png */,
				35633BC815640D3F00BDD599 /* popover-arrow-bottom@2x.png */,
				35633BC915640D3F00BDD599 /* popover-arrow-left.png */,
				35633BCA15640D3F00BDD599 /* popover-arrow-left@2x.png */,
				35633BCB15640D3F00BDD599 /* popover-arrow-right.png */,
				35633BCC15640D3F00BDD599 /* popover-arrow-right@2x.png */,
				35633BCD15640D3F00BDD599 /* popover-arrow-top.png */,
				35633BCE15640D3F00BDD599 /* popover-arrow-top@2x.png */,
				35633BCF15640D3F00BDD599 /* popover-background.png */,
				35633BD015640D3F00BDD599 /* popover-background@2x.png */,
				35633BD115640D3F00BDD599 /* popover-menu-first-selected.png */,
				35633BD215640D3F00BDD599 /* popover-menu-first-selected@2x.png */,
				35633BD315640D3F00BDD599 /* popover-menu-first.png */,
				35633BD415640D3F00BDD599 /* popover-menu-first@2x.png */,
				35633BD515640D3F00BDD599 /* popover-menu-last-selected.png */,
				35633BD615640D3F00BDD599 /* popover-menu-last-selected@2x.png */,
				35633BD715640D3F00BDD599 /* popover-menu-last.png */,
				35633BD815640D3F00BDD599 /* popover-menu-last@2x.png */,
				35633BD915640D3F00BDD599 /* popover-menu-middle-selected.png */,
				35633BDA15640D3F00BDD599 /* popover-menu-middle-selected@2x.png */,
				35633BDB15640D3F00BDD599 /* popover-menu-middle.png */,
				35633BDC15640D3F00BDD599 /* popover-menu-middle@2x.png */,
				35633BDD15640D3F00BDD599 /* popover-table-header.png */,
				35633BDE15640D3F00BDD599 /* popover-table-header@2x.png */,
				35633BDF15640D3F00BDD599 /* progress-fill.png */,
				35633BE015640D3F00BDD599 /* progress-fill@2x.png */,
				35633BE115640D3F00BDD599 /* progress-track.png */,
				35633BE215640D3F00BDD599 /* progress-track@2x.png */,
				35633BE315640D3F00BDD599 /* searchbar-bg.png */,
				35633BE415640D3F00BDD599 /* searchbar-bg@2x.png */,
				35633BE515640D3F00BDD599 /* segment-normal-left.png */,
				35633BE615640D3F00BDD599 /* segment-normal-left@2x.png */,
				35633BE715640D3F00BDD599 /* segment-normal-middle.png */,
				35633BE815640D3F00BDD599 /* segment-normal-middle@2x.png */,
				35633BE915640D3F00BDD599 /* segment-normal-right.png */,
				35633BEA15640D3F00BDD599 /* segment-normal-right@2x.png */,
				35633BEB15640D3F00BDD599 /* segment-selected-left.png */,
				35633BEC15640D3F00BDD599 /* segment-selected-left@2x.png */,
				35633BED15640D3F00BDD599 /* segment-selected-middle.png */,
				35633BEE15640D3F00BDD599 /* segment-selected-middle@2x.png */,
				35633BEF15640D3F00BDD599 /* segment-selected-right.png */,
				35633BF015640D3F00BDD599 /* segment-selected-right@2x.png */,
				35633BF115640D3F00BDD599 /* slider-fill.png */,
				35633BF215640D3F00BDD599 /* slider-fill@2x.png */,
				35633BF315640D3F00BDD599 /* slider-handle.png */,
				35633BF415640D3F00BDD599 /* slider-handle@2x.png */,
				35633BF515640D3F00BDD599 /* slider-track.png */,
				35633BF615640D3F00BDD599 /* slider-track@2x.png */,
				35633BF715640D3F00BDD599 /* switch-off.png */,
				35633BF815640D3F00BDD599 /* switch-off@2x.png */,
				35633BF915640D3F00BDD599 /* switch-on.png */,
				35633BFA15640D3F00BDD599 /* switch-on@2x.png */,
				35633BFB15640D3F00BDD599 /* switch-thumb-off.png */,
				35633BFC15640D3F00BDD599 /* switch-thumb-off@2x.png */,
				35633BFD15640D3F00BDD599 /* switch-thumb-on.png */,
				35633BFE15640D3F00BDD599 /* switch-thumb-on@2x.png */,
				35633BFF15640D3F00BDD599 /* switch-thumb-shadow.png */,
				35633C0015640D3F00BDD599 /* switch-thumb-shadow@2x.png */,
				35633C0115640D3F00BDD599 /* tab-icon1.png */,
				35633C0215640D3F00BDD599 /* tab-icon1@2x.png */,
				35633C0315640D3F00BDD599 /* tab-icon2.png */,
				35633C0415640D3F00BDD599 /* tab-icon2@2x.png */,
				35633C0515640D3F00BDD599 /* tab-icon3.png */,
				35633C0615640D3F00BDD599 /* tab-icon3.psd */,
				35633C0715640D3F00BDD599 /* tab-icon3@2x.png */,
				35633C0815640D3F00BDD599 /* tab-icon4.png */,
				35633C0915640D3F00BDD599 /* tab-icon4@2x.png */,
				35633C0A15640D3F00BDD599 /* tabbar-active.png */,
				35633C0B15640D3F00BDD599 /* tabbar-active@2x.png */,
				35633C0C15640D3F00BDD599 /* tabbar.png */,
				35633C0D15640D3F00BDD599 /* tabbar@2x.png */,
				35633C0E15640D3F00BDD599 /* text-input.png */,
				35633C0F15640D3F00BDD599 /* text-input@2x.png */,
			);
			path = Resources;
			sourceTree = "<group>";
		};
		35633CAB15640D4600BDD599 /* Supporting files */ = {
			isa = PBXGroup;
			children = (
				35633B6315640D3F00BDD599 /* InfoPlist.strings */,
				35633B6915640D3F00BDD599 /* gunmetal-Info.plist */,
				35633B6A15640D3F00BDD599 /* gunmetal-Prefix.pch */,
				35633B8B15640D3F00BDD599 /* main.m */,
			);
			name = "Supporting files";
			path = gunmetal;
			sourceTree = "<group>";
		};
		7F9B87B51614EEFB005A2B50 /* Libraries */ = {
			isa = PBXGroup;
			children = (
				7F9B87B61614EEFB005A2B50 /* ADVPopoverProgressBar */,
				7F9B87B91614EEFB005A2B50 /* BlockAlertView */,
				7F9B87BF1614EEFB005A2B50 /* Categories */,
				7F9B87C31614EEFB005A2B50 /* CustomPopover */,
				7F9B87C81614EEFB005A2B50 /* CustomSegmentedControl */,
				7F9B87CB1614EEFB005A2B50 /* RCSwitch */,
				7F9B87D01614EEFB005A2B50 /* SampleSegment.h */,
				7F9B87D11614EEFB005A2B50 /* SampleSegment.m */,
				7F9B87D21614EEFB005A2B50 /* SegmentedControls */,
				7F9B87D51614EEFB005A2B50 /* STSegmentedControl */,
			);
			path = Libraries;
			sourceTree = "<group>";
		};
		7F9B87B61614EEFB005A2B50 /* ADVPopoverProgressBar */ = {
			isa = PBXGroup;
			children = (
				7F9B87B71614EEFB005A2B50 /* ADVPopoverProgressBar.h */,
				7F9B87B81614EEFB005A2B50 /* ADVPopoverProgressBar.m */,
			);
			path = ADVPopoverProgressBar;
			sourceTree = "<group>";
		};
		7F9B87B91614EEFB005A2B50 /* BlockAlertView */ = {
			isa = PBXGroup;
			children = (
				7F9B87BA1614EEFB005A2B50 /* BlockAlertView.h */,
				7F9B87BB1614EEFB005A2B50 /* BlockAlertView.m */,
				7F9B87BC1614EEFB005A2B50 /* BlockBackground.h */,
				7F9B87BD1614EEFB005A2B50 /* BlockBackground.m */,
				7F9B87BE1614EEFB005A2B50 /* BlockUI.h */,
			);
			path = BlockAlertView;
			sourceTree = "<group>";
		};
		7F9B87BF1614EEFB005A2B50 /* Categories */ = {
			isa = PBXGroup;
			children = (
				7F9B87C01614EEFB005A2B50 /* UIImage+iPhone5 */,
			);
			path = Categories;
			sourceTree = "<group>";
		};
		7F9B87C01614EEFB005A2B50 /* UIImage+iPhone5 */ = {
			isa = PBXGroup;
			children = (
				7F9B87C11614EEFB005A2B50 /* UIImage+iPhone5.h */,
				7F9B87C21614EEFB005A2B50 /* UIImage+iPhone5.m */,
			);
			path = "UIImage+iPhone5";
			sourceTree = "<group>";
		};
		7F9B87C31614EEFB005A2B50 /* CustomPopover */ = {
			isa = PBXGroup;
			children = (
				7F9B87C41614EEFB005A2B50 /* CustomPopoverBackgroundView.h */,
				7F9B87C51614EEFB005A2B50 /* CustomPopoverBackgroundView.m */,
				7F9B87C61614EEFB005A2B50 /* KSCustomPopoverBackgroundView.h */,
				7F9B87C71614EEFB005A2B50 /* KSCustomPopoverBackgroundView.m */,
			);
			path = CustomPopover;
			sourceTree = "<group>";
		};
		7F9B87C81614EEFB005A2B50 /* CustomSegmentedControl */ = {
			isa = PBXGroup;
			children = (
				7F9B87C91614EEFB005A2B50 /* CustomSegmentedControl.h */,
				7F9B87CA1614EEFB005A2B50 /* CustomSegmentedControl.m */,
			);
			path = CustomSegmentedControl;
			sourceTree = "<group>";
		};
		7F9B87CB1614EEFB005A2B50 /* RCSwitch */ = {
			isa = PBXGroup;
			children = (
				7F9B87CC1614EEFB005A2B50 /* RCSwitch.h */,
				7F9B87CD1614EEFB005A2B50 /* RCSwitch.m */,
				7F9B87CE1614EEFB005A2B50 /* RCSwitchOnOff.h */,
				7F9B87CF1614EEFB005A2B50 /* RCSwitchOnOff.m */,
			);
			path = RCSwitch;
			sourceTree = "<group>";
		};
		7F9B87D21614EEFB005A2B50 /* SegmentedControls */ = {
			isa = PBXGroup;
			children = (
				7F9B87D31614EEFB005A2B50 /* PopoverSegment.h */,
				7F9B87D41614EEFB005A2B50 /* PopoverSegment.m */,
			);
			path = SegmentedControls;
			sourceTree = "<group>";
		};
		7F9B87D51614EEFB005A2B50 /* STSegmentedControl */ = {
			isa = PBXGroup;
			children = (
				7F9B87D61614EEFB005A2B50 /* STSegmentedControl (f v's conflicted copy 2012-04-24).h */,
				7F9B87D71614EEFB005A2B50 /* STSegmentedControl.h */,
				7F9B87D81614EEFB005A2B50 /* STSegmentedControl.m */,
			);
			path = STSegmentedControl;
			sourceTree = "<group>";
		};
		AA8959E417DA8AC30089813E /* Utils */ = {
			isa = PBXGroup;
			children = (
				AA8959E517DA8AC30089813E /* Utils.h */,
				AA8959E617DA8AC30089813E /* Utils.m */,
			);
			path = Utils;
			sourceTree = "<group>";
		};
		ECF3E451151074BC00A8D893 = {
			isa = PBXGroup;
			children = (
				35633B4615640D3F00BDD599 /* gunmetal */,
				35633CAB15640D4600BDD599 /* Supporting files */,
				ECF3E45F151074BD00A8D893 /* Frameworks */,
				ECF3E45D151074BD00A8D893 /* Products */,
			);
			sourceTree = "<group>";
		};
		ECF3E45D151074BD00A8D893 /* Products */ = {
			isa = PBXGroup;
			children = (
				ECF3E45C151074BD00A8D893 /* gunmetal.app */,
			);
			name = Products;
			sourceTree = "<group>";
		};
		ECF3E45F151074BD00A8D893 /* Frameworks */ = {
			isa = PBXGroup;
			children = (
				ECB1B8961510FC2A004446DA /* QuartzCore.framework */,
				ECF3E460151074BD00A8D893 /* UIKit.framework */,
				ECF3E462151074BD00A8D893 /* Foundation.framework */,
				ECF3E464151074BD00A8D893 /* CoreGraphics.framework */,
			);
			name = Frameworks;
			sourceTree = "<group>";
		};
/* End PBXGroup section */

/* Begin PBXNativeTarget section */
		ECF3E45B151074BD00A8D893 /* gunmetal */ = {
			isa = PBXNativeTarget;
			buildConfigurationList = ECF3E47A151074BE00A8D893 /* Build configuration list for PBXNativeTarget "gunmetal" */;
			buildPhases = (
				ECF3E458151074BD00A8D893 /* Sources */,
				ECF3E459151074BD00A8D893 /* Frameworks */,
				ECF3E45A151074BD00A8D893 /* Resources */,
			);
			buildRules = (
			);
			dependencies = (
			);
			name = gunmetal;
			productName = ocean;
			productReference = ECF3E45C151074BD00A8D893 /* gunmetal.app */;
			productType = "com.apple.product-type.application";
		};
/* End PBXNativeTarget section */

/* Begin PBXProject section */
		ECF3E453151074BC00A8D893 /* Project object */ = {
			isa = PBXProject;
			attributes = {
				LastUpgradeCheck = 0420;
			};
			buildConfigurationList = ECF3E456151074BC00A8D893 /* Build configuration list for PBXProject "gunmetal" */;
			compatibilityVersion = "Xcode 3.2";
			developmentRegion = English;
			hasScannedForEncodings = 0;
			knownRegions = (
				en,
			);
			mainGroup = ECF3E451151074BC00A8D893;
			productRefGroup = ECF3E45D151074BD00A8D893 /* Products */;
			projectDirPath = "";
			projectRoot = "";
			targets = (
				ECF3E45B151074BD00A8D893 /* gunmetal */,
			);
		};
/* End PBXProject section */

/* Begin PBXResourcesBuildPhase section */
		ECF3E45A151074BD00A8D893 /* Resources */ = {
			isa = PBXResourcesBuildPhase;
			buildActionMask = 2147483647;
			files = (
				35633C1815640D3F00BDD599 /* InfoPlist.strings in Resources */,
				35633C1915640D3F00BDD599 /* MainStoryboard.storyboard in Resources */,
				35633C1A15640D3F00BDD599 /* MainStoryboard_iPhone.storyboard in Resources */,
				35633C2815640D3F00BDD599 /* alert-bg.png in Resources */,
				35633C2915640D3F00BDD599 /* alert-bg@2x.png in Resources */,
				35633C2A15640D3F00BDD599 /* alert-black-button.png in Resources */,
				35633C2B15640D3F00BDD599 /* alert-green-button.png in Resources */,
				35633C2C15640D3F00BDD599 /* alert-green-button@2x.png in Resources */,
				35633C2D15640D3F00BDD599 /* alert-red-button.png in Resources */,
				35633C2E15640D3F00BDD599 /* alert-red-button@2x.png in Resources */,
				35633C2F15640D3F00BDD599 /* alert-window.png in Resources */,
				35633C3015640D3F00BDD599 /* alert-window@2x.png in Resources */,
				35633C3115640D3F00BDD599 /* avatar1.png in Resources */,
				35633C3215640D3F00BDD599 /* avatar2.png in Resources */,
				35633C3315640D3F00BDD599 /* avatar3.png in Resources */,
				35633C3415640D3F00BDD599 /* avatar4.png in Resources */,
				35633C3515640D3F00BDD599 /* avatar5.png in Resources */,
				35633C3615640D3F00BDD599 /* back.png in Resources */,
				AA8959F117DB72FD0089813E /* menubar-right-7@2x.png in Resources */,
				35633C3715640D3F00BDD599 /* back@2x.png in Resources */,
				35633C3815640D3F00BDD599 /* bg.png in Resources */,
				35633C3915640D3F00BDD599 /* bg@2x.png in Resources */,
				35633C3A15640D3F00BDD599 /* bg_landscape.png in Resources */,
				35633C3B15640D3F00BDD599 /* bg_landscape@2x.png in Resources */,
				35633C3C15640D3F00BDD599 /* button-aluminium-large.png in Resources */,
				35633C3D15640D3F00BDD599 /* button-aluminium-large@2x.png in Resources */,
				35633C3E15640D3F00BDD599 /* button-aluminum-pressed.png in Resources */,
				35633C3F15640D3F00BDD599 /* button-aluminum-pressed@2x.png in Resources */,
				35633C4015640D3F00BDD599 /* button-aluminum.png in Resources */,
				35633C4115640D3F00BDD599 /* button-aluminum@2x.png in Resources */,
				35633C4215640D3F00BDD599 /* button-black-large.png in Resources */,
				35633C4315640D3F00BDD599 /* button-black-large@2x.png in Resources */,
				35633C4415640D3F00BDD599 /* button-black-pressed.png in Resources */,
				35633C4515640D3F00BDD599 /* button-black-pressed@2x.png in Resources */,
				35633C4615640D3F00BDD599 /* button-black.png in Resources */,
				35633C4715640D3F00BDD599 /* button-black@2x.png in Resources */,
				35633C4815640D3F00BDD599 /* button-green-large.png in Resources */,
				35633C4915640D3F00BDD599 /* button-green-large@2x.png in Resources */,
				35633C4A15640D3F00BDD599 /* button-green-pressed.png in Resources */,
				35633C4B15640D3F00BDD599 /* button-green-pressed@2x.png in Resources */,
				35633C4C15640D3F00BDD599 /* button-green.png in Resources */,
				35633C4D15640D3F00BDD599 /* button-green@2x.png in Resources */,
				35633C4E15640D3F00BDD599 /* button-red-pressed.png in Resources */,
				35633C4F15640D3F00BDD599 /* button-red-pressed@2x.png in Resources */,
				35633C5015640D3F00BDD599 /* button-red.png in Resources */,
				35633C5115640D3F00BDD599 /* button-red@2x.png in Resources */,
				35633C5215640D3F00BDD599 /* list-arrow.png in Resources */,
				35633C5315640D3F00BDD599 /* list-arrow@2x.png in Resources */,
				35633C5415640D3F00BDD599 /* list-frame.png in Resources */,
				35633C5515640D3F00BDD599 /* list-frame@2x.png in Resources */,
				35633C5615640D3F00BDD599 /* list-item-bg.png in Resources */,
				35633C5715640D3F00BDD599 /* list-item-bg@2x.png in Resources */,
				35633C5815640D3F00BDD599 /* menubar-button.png in Resources */,
				35633C5915640D3F00BDD599 /* menubar-button@2x.png in Resources */,
				35633C5A15640D3F00BDD599 /* menubar-left.png in Resources */,
				35633C5B15640D3F00BDD599 /* menubar-left@2x.png in Resources */,
				35633C5C15640D3F00BDD599 /* menubar-right.png in Resources */,
				35633C5D15640D3F00BDD599 /* menubar-right@2x.png in Resources */,
				35633C5E15640D3F00BDD599 /* menubar.png in Resources */,
				35633C5F15640D3F00BDD599 /* menubar@2x.png in Resources */,
				35633C6015640D3F00BDD599 /* navbar-button.png in Resources */,
				35633C6115640D3F00BDD599 /* navbar-button@2x.png in Resources */,
				35633C6215640D3F00BDD599 /* popover-arrow-bottom.png in Resources */,
				35633C6315640D3F00BDD599 /* popover-arrow-bottom@2x.png in Resources */,
				35633C6415640D3F00BDD599 /* popover-arrow-left.png in Resources */,
				35633C6515640D3F00BDD599 /* popover-arrow-left@2x.png in Resources */,
				35633C6615640D3F00BDD599 /* popover-arrow-right.png in Resources */,
				35633C6715640D3F00BDD599 /* popover-arrow-right@2x.png in Resources */,
				35633C6815640D3F00BDD599 /* popover-arrow-top.png in Resources */,
				35633C6915640D3F00BDD599 /* popover-arrow-top@2x.png in Resources */,
				35633C6A15640D3F00BDD599 /* popover-background.png in Resources */,
				35633C6B15640D3F00BDD599 /* popover-background@2x.png in Resources */,
				35633C6C15640D3F00BDD599 /* popover-menu-first-selected.png in Resources */,
				35633C6D15640D3F00BDD599 /* popover-menu-first-selected@2x.png in Resources */,
				35633C6E15640D3F00BDD599 /* popover-menu-first.png in Resources */,
				35633C6F15640D3F00BDD599 /* popover-menu-first@2x.png in Resources */,
				35633C7015640D3F00BDD599 /* popover-menu-last-selected.png in Resources */,
				35633C7115640D3F00BDD599 /* popover-menu-last-selected@2x.png in Resources */,
				35633C7215640D3F00BDD599 /* popover-menu-last.png in Resources */,
				35633C7315640D3F00BDD599 /* popover-menu-last@2x.png in Resources */,
				35633C7415640D3F00BDD599 /* popover-menu-middle-selected.png in Resources */,
				35633C7515640D3F00BDD599 /* popover-menu-middle-selected@2x.png in Resources */,
				35633C7615640D3F00BDD599 /* popover-menu-middle.png in Resources */,
				35633C7715640D3F00BDD599 /* popover-menu-middle@2x.png in Resources */,
				35633C7815640D3F00BDD599 /* popover-table-header.png in Resources */,
				35633C7915640D3F00BDD599 /* popover-table-header@2x.png in Resources */,
				35633C7A15640D3F00BDD599 /* progress-fill.png in Resources */,
				35633C7B15640D3F00BDD599 /* progress-fill@2x.png in Resources */,
				35633C7C15640D3F00BDD599 /* progress-track.png in Resources */,
				35633C7D15640D3F00BDD599 /* progress-track@2x.png in Resources */,
				35633C7E15640D3F00BDD599 /* searchbar-bg.png in Resources */,
				35633C7F15640D3F00BDD599 /* searchbar-bg@2x.png in Resources */,
				35633C8015640D3F00BDD599 /* segment-normal-left.png in Resources */,
				35633C8115640D3F00BDD599 /* segment-normal-left@2x.png in Resources */,
				35633C8215640D3F00BDD599 /* segment-normal-middle.png in Resources */,
				35633C8315640D3F00BDD599 /* segment-normal-middle@2x.png in Resources */,
				35633C8415640D3F00BDD599 /* segment-normal-right.png in Resources */,
				35633C8515640D3F00BDD599 /* segment-normal-right@2x.png in Resources */,
				35633C8615640D3F00BDD599 /* segment-selected-left.png in Resources */,
				35633C8715640D3F00BDD599 /* segment-selected-left@2x.png in Resources */,
				35633C8815640D3F00BDD599 /* segment-selected-middle.png in Resources */,
				35633C8915640D3F00BDD599 /* segment-selected-middle@2x.png in Resources */,
				35633C8A15640D3F00BDD599 /* segment-selected-right.png in Resources */,
				35633C8B15640D3F00BDD599 /* segment-selected-right@2x.png in Resources */,
				35633C8C15640D3F00BDD599 /* slider-fill.png in Resources */,
				35633C8D15640D3F00BDD599 /* slider-fill@2x.png in Resources */,
				35633C8E15640D3F00BDD599 /* slider-handle.png in Resources */,
				35633C8F15640D3F00BDD599 /* slider-handle@2x.png in Resources */,
				35633C9015640D3F00BDD599 /* slider-track.png in Resources */,
				35633C9115640D3F00BDD599 /* slider-track@2x.png in Resources */,
				AA8959EB17DAA9E70089813E /* menubar-7@2x.png in Resources */,
				35633C9215640D3F00BDD599 /* switch-off.png in Resources */,
				AA8959F017DB72FD0089813E /* menubar-right-7.png in Resources */,
				35633C9315640D3F00BDD599 /* switch-off@2x.png in Resources */,
				35633C9415640D3F00BDD599 /* switch-on.png in Resources */,
				35633C9515640D3F00BDD599 /* switch-on@2x.png in Resources */,
				35633C9615640D3F00BDD599 /* switch-thumb-off.png in Resources */,
				35633C9715640D3F00BDD599 /* switch-thumb-off@2x.png in Resources */,
				35633C9815640D3F00BDD599 /* switch-thumb-on.png in Resources */,
				35633C9915640D3F00BDD599 /* switch-thumb-on@2x.png in Resources */,
				35633C9A15640D3F00BDD599 /* switch-thumb-shadow.png in Resources */,
				35633C9B15640D3F00BDD599 /* switch-thumb-shadow@2x.png in Resources */,
				AA8959ED17DB69CE0089813E /* transparentShadow.png in Resources */,
				35633C9C15640D3F00BDD599 /* tab-icon1.png in Resources */,
				35633C9D15640D3F00BDD599 /* tab-icon1@2x.png in Resources */,
				35633C9E15640D3F00BDD599 /* tab-icon2.png in Resources */,
				35633C9F15640D3F00BDD599 /* tab-icon2@2x.png in Resources */,
				35633CA015640D3F00BDD599 /* tab-icon3.png in Resources */,
				35633CA115640D3F00BDD599 /* tab-icon3.psd in Resources */,
				35633CA215640D3F00BDD599 /* tab-icon3@2x.png in Resources */,
				35633CA315640D3F00BDD599 /* tab-icon4.png in Resources */,
				35633CA415640D3F00BDD599 /* tab-icon4@2x.png in Resources */,
				35633CA515640D3F00BDD599 /* tabbar-active.png in Resources */,
				35633CA615640D3F00BDD599 /* tabbar-active@2x.png in Resources */,
				35633CA715640D3F00BDD599 /* tabbar.png in Resources */,
				AA8959EA17DAA9E70089813E /* menubar-7.png in Resources */,
				35633CA815640D3F00BDD599 /* tabbar@2x.png in Resources */,
				35633CA915640D3F00BDD599 /* text-input.png in Resources */,
				35633CAA15640D3F00BDD599 /* text-input@2x.png in Resources */,
				7F9B87B11614EEC1005A2B50 /* bg-568h@2x.png in Resources */,
				7F9B87B41614EEC9005A2B50 /* Default-568h@2x.png in Resources */,
			);
			runOnlyForDeploymentPostprocessing = 0;
		};
/* End PBXResourcesBuildPhase section */

/* Begin PBXSourcesBuildPhase section */
		ECF3E458151074BD00A8D893 /* Sources */ = {
			isa = PBXSourcesBuildPhase;
			buildActionMask = 2147483647;
			files = (
				35633C1015640D3F00BDD599 /* AppDelegate.m in Sources */,
				AA8959E717DA8AC30089813E /* Utils.m in Sources */,
				35633C1115640D3F00BDD599 /* MasterCell.m in Sources */,
				35633C1215640D3F00BDD599 /* DetailThemeiPadController.m in Sources */,
				35633C1315640D3F00BDD599 /* MasterViewController.m in Sources */,
				35633C1415640D3F00BDD599 /* PopoverDemoController.m in Sources */,
				35633C1515640D3F00BDD599 /* iPhoneControlsController.m in Sources */,
				35633C1615640D3F00BDD599 /* iPhoneElementsController.m in Sources */,
				35633C1715640D3F00BDD599 /* ListViewController.m in Sources */,
				35633C2715640D3F00BDD599 /* main.m in Sources */,
				7F9B87D91614EEFB005A2B50 /* ADVPopoverProgressBar.m in Sources */,
				7F9B87DA1614EEFB005A2B50 /* BlockAlertView.m in Sources */,
				7F9B87DB1614EEFB005A2B50 /* BlockBackground.m in Sources */,
				7F9B87DC1614EEFB005A2B50 /* UIImage+iPhone5.m in Sources */,
				7F9B87DD1614EEFB005A2B50 /* CustomPopoverBackgroundView.m in Sources */,
				7F9B87DE1614EEFB005A2B50 /* KSCustomPopoverBackgroundView.m in Sources */,
				7F9B87DF1614EEFB005A2B50 /* CustomSegmentedControl.m in Sources */,
				7F9B87E01614EEFB005A2B50 /* RCSwitch.m in Sources */,
				7F9B87E11614EEFB005A2B50 /* RCSwitchOnOff.m in Sources */,
				7F9B87E21614EEFB005A2B50 /* SampleSegment.m in Sources */,
				7F9B87E31614EEFB005A2B50 /* PopoverSegment.m in Sources */,
				7F9B87E41614EEFB005A2B50 /* STSegmentedControl.m in Sources */,
			);
			runOnlyForDeploymentPostprocessing = 0;
		};
/* End PBXSourcesBuildPhase section */

/* Begin PBXVariantGroup section */
		35633B6315640D3F00BDD599 /* InfoPlist.strings */ = {
			isa = PBXVariantGroup;
			children = (
				35633B6415640D3F00BDD599 /* en */,
			);
			name = InfoPlist.strings;
			sourceTree = "<group>";
		};
		35633B6515640D3F00BDD599 /* MainStoryboard.storyboard */ = {
			isa = PBXVariantGroup;
			children = (
				35633B6615640D3F00BDD599 /* en */,
			);
			name = MainStoryboard.storyboard;
			sourceTree = "<group>";
		};
		35633B6715640D3F00BDD599 /* MainStoryboard_iPhone.storyboard */ = {
			isa = PBXVariantGroup;
			children = (
				35633B6815640D3F00BDD599 /* en */,
			);
			name = MainStoryboard_iPhone.storyboard;
			sourceTree = "<group>";
		};
/* End PBXVariantGroup section */

/* Begin XCBuildConfiguration section */
		ECF3E478151074BE00A8D893 /* Debug */ = {
			isa = XCBuildConfiguration;
			buildSettings = {
				ALWAYS_SEARCH_USER_PATHS = NO;
				ARCHS = "$(ARCHS_STANDARD_32_BIT)";
				CLANG_ENABLE_OBJC_ARC = YES;
				"CODE_SIGN_IDENTITY[sdk=iphoneos*]" = "iPhone Developer";
				COPY_PHASE_STRIP = NO;
				GCC_C_LANGUAGE_STANDARD = gnu99;
				GCC_DYNAMIC_NO_PIC = NO;
				GCC_OPTIMIZATION_LEVEL = 0;
				GCC_PREPROCESSOR_DEFINITIONS = (
					"DEBUG=1",
					"$(inherited)",
				);
				GCC_SYMBOLS_PRIVATE_EXTERN = NO;
				GCC_VERSION = com.apple.compilers.llvm.clang.1_0;
				GCC_WARN_ABOUT_MISSING_PROTOTYPES = YES;
				GCC_WARN_ABOUT_RETURN_TYPE = YES;
				GCC_WARN_UNUSED_VARIABLE = YES;
				IPHONEOS_DEPLOYMENT_TARGET = 5.0;
				SDKROOT = iphoneos;
				TARGETED_DEVICE_FAMILY = 2;
			};
			name = Debug;
		};
		ECF3E479151074BE00A8D893 /* Release */ = {
			isa = XCBuildConfiguration;
			buildSettings = {
				ALWAYS_SEARCH_USER_PATHS = NO;
				ARCHS = "$(ARCHS_STANDARD_32_BIT)";
				CLANG_ENABLE_OBJC_ARC = YES;
				"CODE_SIGN_IDENTITY[sdk=iphoneos*]" = "iPhone Developer";
				COPY_PHASE_STRIP = YES;
				GCC_C_LANGUAGE_STANDARD = gnu99;
				GCC_VERSION = com.apple.compilers.llvm.clang.1_0;
				GCC_WARN_ABOUT_MISSING_PROTOTYPES = YES;
				GCC_WARN_ABOUT_RETURN_TYPE = YES;
				GCC_WARN_UNUSED_VARIABLE = YES;
				IPHONEOS_DEPLOYMENT_TARGET = 5.0;
				OTHER_CFLAGS = "-DNS_BLOCK_ASSERTIONS=1";
				SDKROOT = iphoneos;
				TARGETED_DEVICE_FAMILY = 2;
				VALIDATE_PRODUCT = YES;
			};
			name = Release;
		};
		ECF3E47B151074BE00A8D893 /* Debug */ = {
			isa = XCBuildConfiguration;
			buildSettings = {
				GCC_PRECOMPILE_PREFIX_HEADER = YES;
				GCC_PREFIX_HEADER = "gunmetal/gunmetal-Prefix.pch";
				INFOPLIST_FILE = "gunmetal/gunmetal-Info.plist";
				PRODUCT_NAME = gunmetal;
				TARGETED_DEVICE_FAMILY = "1,2";
				WRAPPER_EXTENSION = app;
			};
			name = Debug;
		};
		ECF3E47C151074BE00A8D893 /* Release */ = {
			isa = XCBuildConfiguration;
			buildSettings = {
				GCC_PRECOMPILE_PREFIX_HEADER = YES;
				GCC_PREFIX_HEADER = "gunmetal/gunmetal-Prefix.pch";
				INFOPLIST_FILE = "gunmetal/gunmetal-Info.plist";
				PRODUCT_NAME = gunmetal;
				TARGETED_DEVICE_FAMILY = "1,2";
				WRAPPER_EXTENSION = app;
			};
			name = Release;
		};
/* End XCBuildConfiguration section */

/* Begin XCConfigurationList section */
		ECF3E456151074BC00A8D893 /* Build configuration list for PBXProject "gunmetal" */ = {
			isa = XCConfigurationList;
			buildConfigurations = (
				ECF3E478151074BE00A8D893 /* Debug */,
				ECF3E479151074BE00A8D893 /* Release */,
			);
			defaultConfigurationIsVisible = 0;
			defaultConfigurationName = Release;
		};
		ECF3E47A151074BE00A8D893 /* Build configuration list for PBXNativeTarget "gunmetal" */ = {
			isa = XCConfigurationList;
			buildConfigurations = (
				ECF3E47B151074BE00A8D893 /* Debug */,
				ECF3E47C151074BE00A8D893 /* Release */,
			);
			defaultConfigurationIsVisible = 0;
			defaultConfigurationName = Release;
		};
/* End XCConfigurationList section */
	};
	rootObject = ECF3E453151074BC00A8D893 /* Project object */;
}
