// !$*UTF8*$!
{
	archiveVersion = 1;
	classes = {
	};
	objectVersion = 46;
	objects = {

/* Begin PBXBuildFile section */
		3C23660818B2503700ABBEC1 /* SystemConfiguration.framework in Frameworks */ = {isa = PBXBuildFile; fileRef = 3C23660718B2503700ABBEC1 /* SystemConfiguration.framework */; };
		3C38879B18876AE200EEFDD7 /* camera.png in Resources */ = {isa = PBXBuildFile; fileRef = 3C38879A18876AE200EEFDD7 /* camera.png */; };
		3C38879D18876CB800EEFDD7 /* text-left.png in Resources */ = {isa = PBXBuildFile; fileRef = 3C38879C18876CB800EEFDD7 /* text-left.png */; };
		3C95E58918876FC100C608C6 /* CustomCameraViewController.m in Sources */ = {isa = PBXBuildFile; fileRef = 3C95E58818876FC100C608C6 /* CustomCameraViewController.m */; };
		3C95E58C18876FF700C608C6 /* Highlighter.m in Sources */ = {isa = PBXBuildFile; fileRef = 3C95E58B18876FF700C608C6 /* Highlighter.m */; };
		3C95E5941887705700C608C6 /* flash.png in Resources */ = {isa = PBXBuildFile; fileRef = 3C95E58D1887705700C608C6 /* flash.png */; };
		3C95E5951887705700C608C6 /* switch_view.png in Resources */ = {isa = PBXBuildFile; fileRef = 3C95E58E1887705700C608C6 /* switch_view.png */; };
		3C95E5961887705700C608C6 /* done.png in Resources */ = {isa = PBXBuildFile; fileRef = 3C95E58F1887705700C608C6 /* done.png */; };
		3C95E5971887705700C608C6 /* play@2x.png in Resources */ = {isa = PBXBuildFile; fileRef = 3C95E5901887705700C608C6 /* play@2x.png */; };
		3C95E5981887705700C608C6 /* circle.png in Resources */ = {isa = PBXBuildFile; fileRef = 3C95E5911887705700C608C6 /* circle.png */; };
		3C95E5991887705700C608C6 /* plus.png in Resources */ = {isa = PBXBuildFile; fileRef = 3C95E5921887705700C608C6 /* plus.png */; };
		3C95E59A1887705700C608C6 /* triangle.png in Resources */ = {isa = PBXBuildFile; fileRef = 3C95E5931887705700C608C6 /* triangle.png */; };
		3C95E59D188773E000C608C6 /* MasterCell.m in Sources */ = {isa = PBXBuildFile; fileRef = 3C95E59C188773E000C608C6 /* MasterCell.m */; };
		3C95E5A01887745D00C608C6 /* list-item-bg.png in Resources */ = {isa = PBXBuildFile; fileRef = 3C95E59E1887745D00C608C6 /* list-item-bg.png */; };
		3C95E5A11887745D00C608C6 /* list-item-bg@2x.png in Resources */ = {isa = PBXBuildFile; fileRef = 3C95E59F1887745D00C608C6 /* list-item-bg@2x.png */; };
		3C95E5A5188C4EF900C608C6 /* ServiceScan.m in Sources */ = {isa = PBXBuildFile; fileRef = 3C95E5A4188C4EF900C608C6 /* ServiceScan.m */; };
		DE26ECEA1889B68B00F52113 /* UserScanCompletedViewController.m in Sources */ = {isa = PBXBuildFile; fileRef = DE26ECE91889B68B00F52113 /* UserScanCompletedViewController.m */; };
		DE26ECED1889B74300F52113 /* text-input.png in Resources */ = {isa = PBXBuildFile; fileRef = DE26ECEB1889B74300F52113 /* text-input.png */; };
		DE26ECEE1889B74300F52113 /* text-input@2x.png in Resources */ = {isa = PBXBuildFile; fileRef = DE26ECEC1889B74300F52113 /* text-input@2x.png */; };
		DE26ECF21889BB9600F52113 /* ContractorScanCompletedViewController.m in Sources */ = {isa = PBXBuildFile; fileRef = DE26ECF11889BB9600F52113 /* ContractorScanCompletedViewController.m */; };
		DE33C05A1885D7A1005F528A /* Foundation.framework in Frameworks */ = {isa = PBXBuildFile; fileRef = DE33C0591885D7A1005F528A /* Foundation.framework */; };
		DE33C05C1885D7A1005F528A /* CoreGraphics.framework in Frameworks */ = {isa = PBXBuildFile; fileRef = DE33C05B1885D7A1005F528A /* CoreGraphics.framework */; };
		DE33C05E1885D7A1005F528A /* UIKit.framework in Frameworks */ = {isa = PBXBuildFile; fileRef = DE33C05D1885D7A1005F528A /* UIKit.framework */; };
		DE33C0641885D7A1005F528A /* InfoPlist.strings in Resources */ = {isa = PBXBuildFile; fileRef = DE33C0621885D7A1005F528A /* InfoPlist.strings */; };
		DE33C0661885D7A1005F528A /* main.m in Sources */ = {isa = PBXBuildFile; fileRef = DE33C0651885D7A1005F528A /* main.m */; };
		DE33C06A1885D7A1005F528A /* AppDelegate.m in Sources */ = {isa = PBXBuildFile; fileRef = DE33C0691885D7A1005F528A /* AppDelegate.m */; };
		DE33C06D1885D7A1005F528A /* Main_iPhone.storyboard in Resources */ = {isa = PBXBuildFile; fileRef = DE33C06B1885D7A1005F528A /* Main_iPhone.storyboard */; };
		DE33C0701885D7A1005F528A /* Main_iPad.storyboard in Resources */ = {isa = PBXBuildFile; fileRef = DE33C06E1885D7A1005F528A /* Main_iPad.storyboard */; };
		DE33C0731885D7A1005F528A /* ScanViewController.m in Sources */ = {isa = PBXBuildFile; fileRef = DE33C0721885D7A1005F528A /* ScanViewController.m */; };
		DE33C0761885D7A1005F528A /* HistoryViewController.m in Sources */ = {isa = PBXBuildFile; fileRef = DE33C0751885D7A1005F528A /* HistoryViewController.m */; };
		DE33C0781885D7A1005F528A /* Images.xcassets in Resources */ = {isa = PBXBuildFile; fileRef = DE33C0771885D7A1005F528A /* Images.xcassets */; };
		DE33C07F1885D7A2005F528A /* XCTest.framework in Frameworks */ = {isa = PBXBuildFile; fileRef = DE33C07E1885D7A2005F528A /* XCTest.framework */; };
		DE33C0801885D7A2005F528A /* Foundation.framework in Frameworks */ = {isa = PBXBuildFile; fileRef = DE33C0591885D7A1005F528A /* Foundation.framework */; };
		DE33C0811885D7A2005F528A /* UIKit.framework in Frameworks */ = {isa = PBXBuildFile; fileRef = DE33C05D1885D7A1005F528A /* UIKit.framework */; };
		DE33C0891885D7A2005F528A /* InfoPlist.strings in Resources */ = {isa = PBXBuildFile; fileRef = DE33C0871885D7A2005F528A /* InfoPlist.strings */; };
		DE33C08B1885D7A2005F528A /* servicescanTests.m in Sources */ = {isa = PBXBuildFile; fileRef = DE33C08A1885D7A2005F528A /* servicescanTests.m */; };
		DE33C0961885E5D6005F528A /* SS_APP_ICON_120_120@2x.png in Resources */ = {isa = PBXBuildFile; fileRef = DE33C0951885E5D6005F528A /* SS_APP_ICON_120_120@2x.png */; };
		DE33C0A41885EA9F005F528A /* bg@2x.png in Resources */ = {isa = PBXBuildFile; fileRef = DE33C0A31885EA9F005F528A /* bg@2x.png */; };
		DE33C0A61885EAA5005F528A /* bg.png in Resources */ = {isa = PBXBuildFile; fileRef = DE33C0A51885EAA5005F528A /* bg.png */; };
		DE33C0AC1885ED27005F528A /* tabbar-active.png in Resources */ = {isa = PBXBuildFile; fileRef = DE33C0A81885ED27005F528A /* tabbar-active.png */; };
		DE33C0AD1885ED27005F528A /* tabbar-active@2x.png in Resources */ = {isa = PBXBuildFile; fileRef = DE33C0A91885ED27005F528A /* tabbar-active@2x.png */; };
		DE33C0AE1885ED27005F528A /* tabbar.png in Resources */ = {isa = PBXBuildFile; fileRef = DE33C0AA1885ED27005F528A /* tabbar.png */; };
		DE33C0AF1885ED27005F528A /* tabbar@2x.png in Resources */ = {isa = PBXBuildFile; fileRef = DE33C0AB1885ED27005F528A /* tabbar@2x.png */; };
		DE33C0B31885ED71005F528A /* UIImage+iPhone5.m in Sources */ = {isa = PBXBuildFile; fileRef = DE33C0B21885ED71005F528A /* UIImage+iPhone5.m */; };
		DE33C0BC1885EE34005F528A /* menubar-button.png in Resources */ = {isa = PBXBuildFile; fileRef = DE33C0B41885EE34005F528A /* menubar-button.png */; };
		DE33C0BD1885EE34005F528A /* menubar-button@2x.png in Resources */ = {isa = PBXBuildFile; fileRef = DE33C0B51885EE34005F528A /* menubar-button@2x.png */; };
		DE33C0BE1885EE34005F528A /* menubar-left.png in Resources */ = {isa = PBXBuildFile; fileRef = DE33C0B61885EE34005F528A /* menubar-left.png */; };
		DE33C0BF1885EE34005F528A /* menubar-left@2x.png in Resources */ = {isa = PBXBuildFile; fileRef = DE33C0B71885EE34005F528A /* menubar-left@2x.png */; };
		DE33C0C01885EE34005F528A /* menubar-right.png in Resources */ = {isa = PBXBuildFile; fileRef = DE33C0B81885EE34005F528A /* menubar-right.png */; };
		DE33C0C11885EE34005F528A /* menubar-right@2x.png in Resources */ = {isa = PBXBuildFile; fileRef = DE33C0B91885EE34005F528A /* menubar-right@2x.png */; };
		DE33C0C21885EE34005F528A /* menubar.png in Resources */ = {isa = PBXBuildFile; fileRef = DE33C0BA1885EE34005F528A /* menubar.png */; };
		DE33C0C31885EE34005F528A /* menubar@2x.png in Resources */ = {isa = PBXBuildFile; fileRef = DE33C0BB1885EE34005F528A /* menubar@2x.png */; };
		DE33C0C71885EE61005F528A /* Utils.m in Sources */ = {isa = PBXBuildFile; fileRef = DE33C0C61885EE61005F528A /* Utils.m */; };
		DE33C0C91885EF4A005F528A /* menubar-7.png in Resources */ = {isa = PBXBuildFile; fileRef = DE33C0C81885EF4A005F528A /* menubar-7.png */; };
		DE418645189868C1004918C7 /* InAppPurchaseViewController.m in Sources */ = {isa = PBXBuildFile; fileRef = DE418644189868C1004918C7 /* InAppPurchaseViewController.m */; };
		DE5448751888600A007B14BD /* CustomCameraRectangle.m in Sources */ = {isa = PBXBuildFile; fileRef = DE5448741888600A007B14BD /* CustomCameraRectangle.m */; };
		DE809ACB18886504009A5672 /* list-arrow.png in Resources */ = {isa = PBXBuildFile; fileRef = DE809AC818886504009A5672 /* list-arrow.png */; };
		DE809ACC18886504009A5672 /* list-arrow@2x.png in Resources */ = {isa = PBXBuildFile; fileRef = DE809AC918886504009A5672 /* list-arrow@2x.png */; };
		DE809ACD18886504009A5672 /* list-frame.png in Resources */ = {isa = PBXBuildFile; fileRef = DE809ACA18886504009A5672 /* list-frame.png */; };
		DE809AD1188866CF009A5672 /* TabBarViewController.m in Sources */ = {isa = PBXBuildFile; fileRef = DE809AD0188866CF009A5672 /* TabBarViewController.m */; };
		DE809AD5188867D1009A5672 /* UserTypeViewController.m in Sources */ = {isa = PBXBuildFile; fileRef = DE809AD4188867D1009A5672 /* UserTypeViewController.m */; };
		DE809AD8188878BF009A5672 /* button-red.png in Resources */ = {isa = PBXBuildFile; fileRef = DE809AD6188878BF009A5672 /* button-red.png */; };
		DE809AD9188878BF009A5672 /* button-red@2x.png in Resources */ = {isa = PBXBuildFile; fileRef = DE809AD7188878BF009A5672 /* button-red@2x.png */; };
		DE809ADD188879E3009A5672 /* AppController.m in Sources */ = {isa = PBXBuildFile; fileRef = DE809ADC188879E3009A5672 /* AppController.m */; };
		DEC042BA18B67326008CDC0E /* libFlurry_4.3.2.a in Frameworks */ = {isa = PBXBuildFile; fileRef = DEC042B918B67326008CDC0E /* libFlurry_4.3.2.a */; };
		DED7DBF6189B0966005E8B60 /* InAppPurchase.m in Sources */ = {isa = PBXBuildFile; fileRef = DED7DBF5189B0966005E8B60 /* InAppPurchase.m */; };
		DEE83A55189075DB005B6B23 /* SettingsViewController.m in Sources */ = {isa = PBXBuildFile; fileRef = DEE83A54189075DB005B6B23 /* SettingsViewController.m */; };
		DEE83A5818907BD7005B6B23 /* ContractorSettingsViewController.m in Sources */ = {isa = PBXBuildFile; fileRef = DEE83A5718907BD7005B6B23 /* ContractorSettingsViewController.m */; };
		DEE83A5B189081CD005B6B23 /* Contractor.m in Sources */ = {isa = PBXBuildFile; fileRef = DEE83A5A189081CD005B6B23 /* Contractor.m */; };
		DEF2E33818970328003F8AF7 /* Request.m in Sources */ = {isa = PBXBuildFile; fileRef = DEF2E33718970328003F8AF7 /* Request.m */; };
/* End PBXBuildFile section */

/* Begin PBXContainerItemProxy section */
		DE33C0821885D7A2005F528A /* PBXContainerItemProxy */ = {
			isa = PBXContainerItemProxy;
			containerPortal = DE33C04E1885D7A1005F528A /* Project object */;
			proxyType = 1;
			remoteGlobalIDString = DE33C0551885D7A1005F528A;
			remoteInfo = servicescan;
		};
/* End PBXContainerItemProxy section */

/* Begin PBXFileReference section */
		3C23660718B2503700ABBEC1 /* SystemConfiguration.framework */ = {isa = PBXFileReference; lastKnownFileType = wrapper.framework; name = SystemConfiguration.framework; path = System/Library/Frameworks/SystemConfiguration.framework; sourceTree = SDKROOT; };
		3C38879A18876AE200EEFDD7 /* camera.png */ = {isa = PBXFileReference; lastKnownFileType = image.png; path = camera.png; sourceTree = "<group>"; };
		3C38879C18876CB800EEFDD7 /* text-left.png */ = {isa = PBXFileReference; lastKnownFileType = image.png; path = "text-left.png"; sourceTree = "<group>"; };
		3C95E58718876FC100C608C6 /* CustomCameraViewController.h */ = {isa = PBXFileReference; fileEncoding = 4; lastKnownFileType = sourcecode.c.h; path = CustomCameraViewController.h; sourceTree = "<group>"; };
		3C95E58818876FC100C608C6 /* CustomCameraViewController.m */ = {isa = PBXFileReference; fileEncoding = 4; lastKnownFileType = sourcecode.c.objc; path = CustomCameraViewController.m; sourceTree = "<group>"; };
		3C95E58A18876FF700C608C6 /* Highlighter.h */ = {isa = PBXFileReference; fileEncoding = 4; lastKnownFileType = sourcecode.c.h; path = Highlighter.h; sourceTree = "<group>"; };
		3C95E58B18876FF700C608C6 /* Highlighter.m */ = {isa = PBXFileReference; fileEncoding = 4; lastKnownFileType = sourcecode.c.objc; path = Highlighter.m; sourceTree = "<group>"; };
		3C95E58D1887705700C608C6 /* flash.png */ = {isa = PBXFileReference; lastKnownFileType = image.png; path = flash.png; sourceTree = "<group>"; };
		3C95E58E1887705700C608C6 /* switch_view.png */ = {isa = PBXFileReference; lastKnownFileType = image.png; path = switch_view.png; sourceTree = "<group>"; };
		3C95E58F1887705700C608C6 /* done.png */ = {isa = PBXFileReference; lastKnownFileType = image.png; path = done.png; sourceTree = "<group>"; };
		3C95E5901887705700C608C6 /* play@2x.png */ = {isa = PBXFileReference; lastKnownFileType = image.png; path = "play@2x.png"; sourceTree = "<group>"; };
		3C95E5911887705700C608C6 /* circle.png */ = {isa = PBXFileReference; lastKnownFileType = image.png; path = circle.png; sourceTree = "<group>"; };
		3C95E5921887705700C608C6 /* plus.png */ = {isa = PBXFileReference; lastKnownFileType = image.png; path = plus.png; sourceTree = "<group>"; };
		3C95E5931887705700C608C6 /* triangle.png */ = {isa = PBXFileReference; lastKnownFileType = image.png; path = triangle.png; sourceTree = "<group>"; };
		3C95E59B188773E000C608C6 /* MasterCell.h */ = {isa = PBXFileReference; fileEncoding = 4; lastKnownFileType = sourcecode.c.h; path = MasterCell.h; sourceTree = "<group>"; };
		3C95E59C188773E000C608C6 /* MasterCell.m */ = {isa = PBXFileReference; fileEncoding = 4; lastKnownFileType = sourcecode.c.objc; path = MasterCell.m; sourceTree = "<group>"; };
		3C95E59E1887745D00C608C6 /* list-item-bg.png */ = {isa = PBXFileReference; lastKnownFileType = image.png; path = "list-item-bg.png"; sourceTree = "<group>"; };
		3C95E59F1887745D00C608C6 /* list-item-bg@2x.png */ = {isa = PBXFileReference; lastKnownFileType = image.png; path = "list-item-bg@2x.png"; sourceTree = "<group>"; };
		3C95E5A3188C4EF900C608C6 /* ServiceScan.h */ = {isa = PBXFileReference; fileEncoding = 4; lastKnownFileType = sourcecode.c.h; path = ServiceScan.h; sourceTree = "<group>"; };
		3C95E5A4188C4EF900C608C6 /* ServiceScan.m */ = {isa = PBXFileReference; fileEncoding = 4; lastKnownFileType = sourcecode.c.objc; path = ServiceScan.m; sourceTree = "<group>"; };
		DE26ECE81889B68B00F52113 /* UserScanCompletedViewController.h */ = {isa = PBXFileReference; fileEncoding = 4; lastKnownFileType = sourcecode.c.h; path = UserScanCompletedViewController.h; sourceTree = "<group>"; };
		DE26ECE91889B68B00F52113 /* UserScanCompletedViewController.m */ = {isa = PBXFileReference; fileEncoding = 4; lastKnownFileType = sourcecode.c.objc; path = UserScanCompletedViewController.m; sourceTree = "<group>"; };
		DE26ECEB1889B74300F52113 /* text-input.png */ = {isa = PBXFileReference; lastKnownFileType = image.png; path = "text-input.png"; sourceTree = "<group>"; };
		DE26ECEC1889B74300F52113 /* text-input@2x.png */ = {isa = PBXFileReference; lastKnownFileType = image.png; path = "text-input@2x.png"; sourceTree = "<group>"; };
		DE26ECF01889BB9600F52113 /* ContractorScanCompletedViewController.h */ = {isa = PBXFileReference; fileEncoding = 4; lastKnownFileType = sourcecode.c.h; path = ContractorScanCompletedViewController.h; sourceTree = "<group>"; };
		DE26ECF11889BB9600F52113 /* ContractorScanCompletedViewController.m */ = {isa = PBXFileReference; fileEncoding = 4; lastKnownFileType = sourcecode.c.objc; path = ContractorScanCompletedViewController.m; sourceTree = "<group>"; };
		DE33C0561885D7A1005F528A /* servicescan.app */ = {isa = PBXFileReference; explicitFileType = wrapper.application; includeInIndex = 0; path = servicescan.app; sourceTree = BUILT_PRODUCTS_DIR; };
		DE33C0591885D7A1005F528A /* Foundation.framework */ = {isa = PBXFileReference; lastKnownFileType = wrapper.framework; name = Foundation.framework; path = System/Library/Frameworks/Foundation.framework; sourceTree = SDKROOT; };
		DE33C05B1885D7A1005F528A /* CoreGraphics.framework */ = {isa = PBXFileReference; lastKnownFileType = wrapper.framework; name = CoreGraphics.framework; path = System/Library/Frameworks/CoreGraphics.framework; sourceTree = SDKROOT; };
		DE33C05D1885D7A1005F528A /* UIKit.framework */ = {isa = PBXFileReference; lastKnownFileType = wrapper.framework; name = UIKit.framework; path = System/Library/Frameworks/UIKit.framework; sourceTree = SDKROOT; };
		DE33C0611885D7A1005F528A /* servicescan-Info.plist */ = {isa = PBXFileReference; lastKnownFileType = text.plist.xml; path = "servicescan-Info.plist"; sourceTree = "<group>"; };
		DE33C0631885D7A1005F528A /* en */ = {isa = PBXFileReference; lastKnownFileType = text.plist.strings; name = en; path = en.lproj/InfoPlist.strings; sourceTree = "<group>"; };
		DE33C0651885D7A1005F528A /* main.m */ = {isa = PBXFileReference; lastKnownFileType = sourcecode.c.objc; path = main.m; sourceTree = "<group>"; };
		DE33C0671885D7A1005F528A /* servicescan-Prefix.pch */ = {isa = PBXFileReference; lastKnownFileType = sourcecode.c.h; path = "servicescan-Prefix.pch"; sourceTree = "<group>"; };
		DE33C0681885D7A1005F528A /* AppDelegate.h */ = {isa = PBXFileReference; lastKnownFileType = sourcecode.c.h; path = AppDelegate.h; sourceTree = "<group>"; };
		DE33C0691885D7A1005F528A /* AppDelegate.m */ = {isa = PBXFileReference; lastKnownFileType = sourcecode.c.objc; path = AppDelegate.m; sourceTree = "<group>"; };
		DE33C06C1885D7A1005F528A /* Base */ = {isa = PBXFileReference; lastKnownFileType = file.storyboard; name = Base; path = Base.lproj/Main_iPhone.storyboard; sourceTree = "<group>"; };
		DE33C06F1885D7A1005F528A /* Base */ = {isa = PBXFileReference; lastKnownFileType = file.storyboard; name = Base; path = Base.lproj/Main_iPad.storyboard; sourceTree = "<group>"; };
		DE33C0711885D7A1005F528A /* ScanViewController.h */ = {isa = PBXFileReference; lastKnownFileType = sourcecode.c.h; path = ScanViewController.h; sourceTree = "<group>"; };
		DE33C0721885D7A1005F528A /* ScanViewController.m */ = {isa = PBXFileReference; lastKnownFileType = sourcecode.c.objc; path = ScanViewController.m; sourceTree = "<group>"; };
		DE33C0741885D7A1005F528A /* HistoryViewController.h */ = {isa = PBXFileReference; lastKnownFileType = sourcecode.c.h; path = HistoryViewController.h; sourceTree = "<group>"; };
		DE33C0751885D7A1005F528A /* HistoryViewController.m */ = {isa = PBXFileReference; lastKnownFileType = sourcecode.c.objc; path = HistoryViewController.m; sourceTree = "<group>"; };
		DE33C0771885D7A1005F528A /* Images.xcassets */ = {isa = PBXFileReference; lastKnownFileType = folder.assetcatalog; path = Images.xcassets; sourceTree = "<group>"; };
		DE33C07D1885D7A2005F528A /* servicescanTests.xctest */ = {isa = PBXFileReference; explicitFileType = wrapper.cfbundle; includeInIndex = 0; path = servicescanTests.xctest; sourceTree = BUILT_PRODUCTS_DIR; };
		DE33C07E1885D7A2005F528A /* XCTest.framework */ = {isa = PBXFileReference; lastKnownFileType = wrapper.framework; name = XCTest.framework; path = Library/Frameworks/XCTest.framework; sourceTree = DEVELOPER_DIR; };
		DE33C0861885D7A2005F528A /* servicescanTests-Info.plist */ = {isa = PBXFileReference; lastKnownFileType = text.plist.xml; path = "servicescanTests-Info.plist"; sourceTree = "<group>"; };
		DE33C0881885D7A2005F528A /* en */ = {isa = PBXFileReference; lastKnownFileType = text.plist.strings; name = en; path = en.lproj/InfoPlist.strings; sourceTree = "<group>"; };
		DE33C08A1885D7A2005F528A /* servicescanTests.m */ = {isa = PBXFileReference; lastKnownFileType = sourcecode.c.objc; path = servicescanTests.m; sourceTree = "<group>"; };
		DE33C0951885E5D6005F528A /* SS_APP_ICON_120_120@2x.png */ = {isa = PBXFileReference; lastKnownFileType = image.png; path = "SS_APP_ICON_120_120@2x.png"; sourceTree = "<group>"; };
		DE33C0A31885EA9F005F528A /* bg@2x.png */ = {isa = PBXFileReference; lastKnownFileType = image.png; path = "bg@2x.png"; sourceTree = "<group>"; };
		DE33C0A51885EAA5005F528A /* bg.png */ = {isa = PBXFileReference; lastKnownFileType = image.png; path = bg.png; sourceTree = "<group>"; };
		DE33C0A81885ED27005F528A /* tabbar-active.png */ = {isa = PBXFileReference; lastKnownFileType = image.png; path = "tabbar-active.png"; sourceTree = "<group>"; };
		DE33C0A91885ED27005F528A /* tabbar-active@2x.png */ = {isa = PBXFileReference; lastKnownFileType = image.png; path = "tabbar-active@2x.png"; sourceTree = "<group>"; };
		DE33C0AA1885ED27005F528A /* tabbar.png */ = {isa = PBXFileReference; lastKnownFileType = image.png; path = tabbar.png; sourceTree = "<group>"; };
		DE33C0AB1885ED27005F528A /* tabbar@2x.png */ = {isa = PBXFileReference; lastKnownFileType = image.png; path = "tabbar@2x.png"; sourceTree = "<group>"; };
		DE33C0B11885ED71005F528A /* UIImage+iPhone5.h */ = {isa = PBXFileReference; fileEncoding = 4; lastKnownFileType = sourcecode.c.h; path = "UIImage+iPhone5.h"; sourceTree = "<group>"; };
		DE33C0B21885ED71005F528A /* UIImage+iPhone5.m */ = {isa = PBXFileReference; fileEncoding = 4; lastKnownFileType = sourcecode.c.objc; path = "UIImage+iPhone5.m"; sourceTree = "<group>"; };
		DE33C0B41885EE34005F528A /* menubar-button.png */ = {isa = PBXFileReference; lastKnownFileType = image.png; path = "menubar-button.png"; sourceTree = "<group>"; };
		DE33C0B51885EE34005F528A /* menubar-button@2x.png */ = {isa = PBXFileReference; lastKnownFileType = image.png; path = "menubar-button@2x.png"; sourceTree = "<group>"; };
		DE33C0B61885EE34005F528A /* menubar-left.png */ = {isa = PBXFileReference; lastKnownFileType = image.png; path = "menubar-left.png"; sourceTree = "<group>"; };
		DE33C0B71885EE34005F528A /* menubar-left@2x.png */ = {isa = PBXFileReference; lastKnownFileType = image.png; path = "menubar-left@2x.png"; sourceTree = "<group>"; };
		DE33C0B81885EE34005F528A /* menubar-right.png */ = {isa = PBXFileReference; lastKnownFileType = image.png; path = "menubar-right.png"; sourceTree = "<group>"; };
		DE33C0B91885EE34005F528A /* menubar-right@2x.png */ = {isa = PBXFileReference; lastKnownFileType = image.png; path = "menubar-right@2x.png"; sourceTree = "<group>"; };
		DE33C0BA1885EE34005F528A /* menubar.png */ = {isa = PBXFileReference; lastKnownFileType = image.png; path = menubar.png; sourceTree = "<group>"; };
		DE33C0BB1885EE34005F528A /* menubar@2x.png */ = {isa = PBXFileReference; lastKnownFileType = image.png; path = "menubar@2x.png"; sourceTree = "<group>"; };
		DE33C0C51885EE61005F528A /* Utils.h */ = {isa = PBXFileReference; fileEncoding = 4; lastKnownFileType = sourcecode.c.h; path = Utils.h; sourceTree = "<group>"; };
		DE33C0C61885EE61005F528A /* Utils.m */ = {isa = PBXFileReference; fileEncoding = 4; lastKnownFileType = sourcecode.c.objc; path = Utils.m; sourceTree = "<group>"; };
		DE33C0C81885EF4A005F528A /* menubar-7.png */ = {isa = PBXFileReference; lastKnownFileType = image.png; path = "menubar-7.png"; sourceTree = "<group>"; };
		DE418643189868C1004918C7 /* InAppPurchaseViewController.h */ = {isa = PBXFileReference; fileEncoding = 4; lastKnownFileType = sourcecode.c.h; path = InAppPurchaseViewController.h; sourceTree = "<group>"; };
		DE418644189868C1004918C7 /* InAppPurchaseViewController.m */ = {isa = PBXFileReference; fileEncoding = 4; lastKnownFileType = sourcecode.c.objc; path = InAppPurchaseViewController.m; sourceTree = "<group>"; };
		DE5448731888600A007B14BD /* CustomCameraRectangle.h */ = {isa = PBXFileReference; fileEncoding = 4; lastKnownFileType = sourcecode.c.h; path = CustomCameraRectangle.h; sourceTree = "<group>"; };
		DE5448741888600A007B14BD /* CustomCameraRectangle.m */ = {isa = PBXFileReference; fileEncoding = 4; lastKnownFileType = sourcecode.c.objc; path = CustomCameraRectangle.m; sourceTree = "<group>"; };
		DE809AC818886504009A5672 /* list-arrow.png */ = {isa = PBXFileReference; lastKnownFileType = image.png; path = "list-arrow.png"; sourceTree = "<group>"; };
		DE809AC918886504009A5672 /* list-arrow@2x.png */ = {isa = PBXFileReference; lastKnownFileType = image.png; path = "list-arrow@2x.png"; sourceTree = "<group>"; };
		DE809ACA18886504009A5672 /* list-frame.png */ = {isa = PBXFileReference; lastKnownFileType = image.png; path = "list-frame.png"; sourceTree = "<group>"; };
		DE809ACF188866CF009A5672 /* TabBarViewController.h */ = {isa = PBXFileReference; fileEncoding = 4; lastKnownFileType = sourcecode.c.h; path = TabBarViewController.h; sourceTree = "<group>"; };
		DE809AD0188866CF009A5672 /* TabBarViewController.m */ = {isa = PBXFileReference; fileEncoding = 4; lastKnownFileType = sourcecode.c.objc; path = TabBarViewController.m; sourceTree = "<group>"; };
		DE809AD3188867D1009A5672 /* UserTypeViewController.h */ = {isa = PBXFileReference; fileEncoding = 4; lastKnownFileType = sourcecode.c.h; path = UserTypeViewController.h; sourceTree = "<group>"; };
		DE809AD4188867D1009A5672 /* UserTypeViewController.m */ = {isa = PBXFileReference; fileEncoding = 4; lastKnownFileType = sourcecode.c.objc; path = UserTypeViewController.m; sourceTree = "<group>"; };
		DE809AD6188878BF009A5672 /* button-red.png */ = {isa = PBXFileReference; lastKnownFileType = image.png; path = "button-red.png"; sourceTree = "<group>"; };
		DE809AD7188878BF009A5672 /* button-red@2x.png */ = {isa = PBXFileReference; lastKnownFileType = image.png; path = "button-red@2x.png"; sourceTree = "<group>"; };
		DE809ADB188879E3009A5672 /* AppController.h */ = {isa = PBXFileReference; fileEncoding = 4; lastKnownFileType = sourcecode.c.h; path = AppController.h; sourceTree = "<group>"; };
		DE809ADC188879E3009A5672 /* AppController.m */ = {isa = PBXFileReference; fileEncoding = 4; lastKnownFileType = sourcecode.c.objc; path = AppController.m; sourceTree = "<group>"; };
		DEC042B818B67326008CDC0E /* Flurry.h */ = {isa = PBXFileReference; fileEncoding = 4; lastKnownFileType = sourcecode.c.h; path = Flurry.h; sourceTree = "<group>"; };
		DEC042B918B67326008CDC0E /* libFlurry_4.3.2.a */ = {isa = PBXFileReference; lastKnownFileType = archive.ar; path = libFlurry_4.3.2.a; sourceTree = "<group>"; };
		DED7DBF4189B0966005E8B60 /* InAppPurchase.h */ = {isa = PBXFileReference; fileEncoding = 4; lastKnownFileType = sourcecode.c.h; path = InAppPurchase.h; sourceTree = "<group>"; };
		DED7DBF5189B0966005E8B60 /* InAppPurchase.m */ = {isa = PBXFileReference; fileEncoding = 4; lastKnownFileType = sourcecode.c.objc; path = InAppPurchase.m; sourceTree = "<group>"; };
		DEE83A53189075DB005B6B23 /* SettingsViewController.h */ = {isa = PBXFileReference; fileEncoding = 4; lastKnownFileType = sourcecode.c.h; path = SettingsViewController.h; sourceTree = "<group>"; };
		DEE83A54189075DB005B6B23 /* SettingsViewController.m */ = {isa = PBXFileReference; fileEncoding = 4; lastKnownFileType = sourcecode.c.objc; path = SettingsViewController.m; sourceTree = "<group>"; };
		DEE83A5618907BD7005B6B23 /* ContractorSettingsViewController.h */ = {isa = PBXFileReference; fileEncoding = 4; lastKnownFileType = sourcecode.c.h; path = ContractorSettingsViewController.h; sourceTree = "<group>"; };
		DEE83A5718907BD7005B6B23 /* ContractorSettingsViewController.m */ = {isa = PBXFileReference; fileEncoding = 4; lastKnownFileType = sourcecode.c.objc; path = ContractorSettingsViewController.m; sourceTree = "<group>"; };
		DEE83A59189081CD005B6B23 /* Contractor.h */ = {isa = PBXFileReference; fileEncoding = 4; lastKnownFileType = sourcecode.c.h; path = Contractor.h; sourceTree = "<group>"; };
		DEE83A5A189081CD005B6B23 /* Contractor.m */ = {isa = PBXFileReference; fileEncoding = 4; lastKnownFileType = sourcecode.c.objc; path = Contractor.m; sourceTree = "<group>"; };
		DEF2E33618970328003F8AF7 /* Request.h */ = {isa = PBXFileReference; fileEncoding = 4; lastKnownFileType = sourcecode.c.h; path = Request.h; sourceTree = "<group>"; };
		DEF2E33718970328003F8AF7 /* Request.m */ = {isa = PBXFileReference; fileEncoding = 4; lastKnownFileType = sourcecode.c.objc; path = Request.m; sourceTree = "<group>"; };
/* End PBXFileReference section */

/* Begin PBXFrameworksBuildPhase section */
		DE33C0531885D7A1005F528A /* Frameworks */ = {
			isa = PBXFrameworksBuildPhase;
			buildActionMask = 2147483647;
			files = (
				3C23660818B2503700ABBEC1 /* SystemConfiguration.framework in Frameworks */,
				DEC042BA18B67326008CDC0E /* libFlurry_4.3.2.a in Frameworks */,
				DE33C05C1885D7A1005F528A /* CoreGraphics.framework in Frameworks */,
				DE33C05E1885D7A1005F528A /* UIKit.framework in Frameworks */,
				DE33C05A1885D7A1005F528A /* Foundation.framework in Frameworks */,
			);
			runOnlyForDeploymentPostprocessing = 0;
		};
		DE33C07A1885D7A2005F528A /* Frameworks */ = {
			isa = PBXFrameworksBuildPhase;
			buildActionMask = 2147483647;
			files = (
				DE33C07F1885D7A2005F528A /* XCTest.framework in Frameworks */,
				DE33C0811885D7A2005F528A /* UIKit.framework in Frameworks */,
				DE33C0801885D7A2005F528A /* Foundation.framework in Frameworks */,
			);
			runOnlyForDeploymentPostprocessing = 0;
		};
/* End PBXFrameworksBuildPhase section */

/* Begin PBXGroup section */
		3C38879E18876D3F00EEFDD7 /* History */ = {
			isa = PBXGroup;
			children = (
				3C95E59B188773E000C608C6 /* MasterCell.h */,
				3C95E59C188773E000C608C6 /* MasterCell.m */,
				DE33C0741885D7A1005F528A /* HistoryViewController.h */,
				DE33C0751885D7A1005F528A /* HistoryViewController.m */,
			);
			name = History;
			sourceTree = "<group>";
		};
		3C38879F18876E4600EEFDD7 /* CustomCamera */ = {
			isa = PBXGroup;
			children = (
				DE5448731888600A007B14BD /* CustomCameraRectangle.h */,
				DE5448741888600A007B14BD /* CustomCameraRectangle.m */,
				3C95E58718876FC100C608C6 /* CustomCameraViewController.h */,
				3C95E58818876FC100C608C6 /* CustomCameraViewController.m */,
			);
			name = CustomCamera;
			sourceTree = "<group>";
		};
		3C95E5A2188C4ED700C608C6 /* ValueObjects */ = {
			isa = PBXGroup;
			children = (
				3C95E5A3188C4EF900C608C6 /* ServiceScan.h */,
				3C95E5A4188C4EF900C608C6 /* ServiceScan.m */,
				DEE83A59189081CD005B6B23 /* Contractor.h */,
				DEE83A5A189081CD005B6B23 /* Contractor.m */,
				DEF2E33618970328003F8AF7 /* Request.h */,
				DEF2E33718970328003F8AF7 /* Request.m */,
				DED7DBF4189B0966005E8B60 /* InAppPurchase.h */,
				DED7DBF5189B0966005E8B60 /* InAppPurchase.m */,
			);
			name = ValueObjects;
			sourceTree = "<group>";
		};
		DE26ECE71889B66900F52113 /* UserScanCompleted */ = {
			isa = PBXGroup;
			children = (
				DE26ECE81889B68B00F52113 /* UserScanCompletedViewController.h */,
				DE26ECE91889B68B00F52113 /* UserScanCompletedViewController.m */,
			);
			name = UserScanCompleted;
			sourceTree = "<group>";
		};
		DE26ECEF1889BB7900F52113 /* ContractorScanCompleted */ = {
			isa = PBXGroup;
			children = (
				DE26ECF01889BB9600F52113 /* ContractorScanCompletedViewController.h */,
				DE26ECF11889BB9600F52113 /* ContractorScanCompletedViewController.m */,
			);
			name = ContractorScanCompleted;
			sourceTree = "<group>";
		};
		DE33C04D1885D7A1005F528A = {
			isa = PBXGroup;
			children = (
				DEC042B718B67326008CDC0E /* Flurry */,
				DE33C05F1885D7A1005F528A /* servicescan */,
				DE33C0841885D7A2005F528A /* servicescanTests */,
				DE33C0581885D7A1005F528A /* Frameworks */,
				DE33C0571885D7A1005F528A /* Products */,
			);
			sourceTree = "<group>";
		};
		DE33C0571885D7A1005F528A /* Products */ = {
			isa = PBXGroup;
			children = (
				DE33C0561885D7A1005F528A /* servicescan.app */,
				DE33C07D1885D7A2005F528A /* servicescanTests.xctest */,
			);
			name = Products;
			sourceTree = "<group>";
		};
		DE33C0581885D7A1005F528A /* Frameworks */ = {
			isa = PBXGroup;
			children = (
				3C23660718B2503700ABBEC1 /* SystemConfiguration.framework */,
				DE33C0591885D7A1005F528A /* Foundation.framework */,
				DE33C05B1885D7A1005F528A /* CoreGraphics.framework */,
				DE33C05D1885D7A1005F528A /* UIKit.framework */,
				DE33C07E1885D7A2005F528A /* XCTest.framework */,
			);
			name = Frameworks;
			sourceTree = "<group>";
		};
		DE33C05F1885D7A1005F528A /* servicescan */ = {
			isa = PBXGroup;
			children = (
				DE4186411898689A004918C7 /* InAppPurchase */,
				DEE83A52189075C2005B6B23 /* Settings */,
				3C95E5A2188C4ED700C608C6 /* ValueObjects */,
				DE26ECEF1889BB7900F52113 /* ContractorScanCompleted */,
				DE26ECE71889B66900F52113 /* UserScanCompleted */,
				DE809ADA188879AD009A5672 /* AppController */,
				DE809AD2188867BB009A5672 /* UserType */,
				DE809ACE188866B0009A5672 /* TabBar */,
				3C38879F18876E4600EEFDD7 /* CustomCamera */,
				3C38879E18876D3F00EEFDD7 /* History */,
				DE33C0C41885EE57005F528A /* Utils */,
				DE33C0B01885ED5E005F528A /* Categories */,
				DE33C0A71885ECA7005F528A /* Scan */,
				DE33C0681885D7A1005F528A /* AppDelegate.h */,
				DE33C0691885D7A1005F528A /* AppDelegate.m */,
				DE33C06B1885D7A1005F528A /* Main_iPhone.storyboard */,
				DE33C06E1885D7A1005F528A /* Main_iPad.storyboard */,
				DE33C0771885D7A1005F528A /* Images.xcassets */,
				DE33C0601885D7A1005F528A /* Supporting Files */,
			);
			path = servicescan;
			sourceTree = "<group>";
		};
		DE33C0601885D7A1005F528A /* Supporting Files */ = {
			isa = PBXGroup;
			children = (
				DE33C0941885E5CC005F528A /* Images */,
				DE33C0611885D7A1005F528A /* servicescan-Info.plist */,
				DE33C0621885D7A1005F528A /* InfoPlist.strings */,
				DE33C0651885D7A1005F528A /* main.m */,
				DE33C0671885D7A1005F528A /* servicescan-Prefix.pch */,
			);
			name = "Supporting Files";
			sourceTree = "<group>";
		};
		DE33C0841885D7A2005F528A /* servicescanTests */ = {
			isa = PBXGroup;
			children = (
				DE33C08A1885D7A2005F528A /* servicescanTests.m */,
				DE33C0851885D7A2005F528A /* Supporting Files */,
			);
			path = servicescanTests;
			sourceTree = "<group>";
		};
		DE33C0851885D7A2005F528A /* Supporting Files */ = {
			isa = PBXGroup;
			children = (
				DE33C0861885D7A2005F528A /* servicescanTests-Info.plist */,
				DE33C0871885D7A2005F528A /* InfoPlist.strings */,
			);
			name = "Supporting Files";
			sourceTree = "<group>";
		};
		DE33C0941885E5CC005F528A /* Images */ = {
			isa = PBXGroup;
			children = (
				DE809AD6188878BF009A5672 /* button-red.png */,
				DE26ECEB1889B74300F52113 /* text-input.png */,
				DE26ECEC1889B74300F52113 /* text-input@2x.png */,
				DE809AD7188878BF009A5672 /* button-red@2x.png */,
				DE809AC818886504009A5672 /* list-arrow.png */,
				DE809AC918886504009A5672 /* list-arrow@2x.png */,
				DE809ACA18886504009A5672 /* list-frame.png */,
				3C95E59E1887745D00C608C6 /* list-item-bg.png */,
				3C95E59F1887745D00C608C6 /* list-item-bg@2x.png */,
				3C95E58D1887705700C608C6 /* flash.png */,
				3C95E58E1887705700C608C6 /* switch_view.png */,
				3C95E58F1887705700C608C6 /* done.png */,
				3C95E5901887705700C608C6 /* play@2x.png */,
				3C95E5911887705700C608C6 /* circle.png */,
				3C95E5921887705700C608C6 /* plus.png */,
				3C95E5931887705700C608C6 /* triangle.png */,
				3C38879C18876CB800EEFDD7 /* text-left.png */,
				3C38879A18876AE200EEFDD7 /* camera.png */,
				DE33C0C81885EF4A005F528A /* menubar-7.png */,
				DE33C0B41885EE34005F528A /* menubar-button.png */,
				DE33C0B51885EE34005F528A /* menubar-button@2x.png */,
				DE33C0B61885EE34005F528A /* menubar-left.png */,
				DE33C0B71885EE34005F528A /* menubar-left@2x.png */,
				DE33C0B81885EE34005F528A /* menubar-right.png */,
				DE33C0B91885EE34005F528A /* menubar-right@2x.png */,
				DE33C0BA1885EE34005F528A /* menubar.png */,
				DE33C0BB1885EE34005F528A /* menubar@2x.png */,
				DE33C0A51885EAA5005F528A /* bg.png */,
				DE33C0A81885ED27005F528A /* tabbar-active.png */,
				DE33C0A91885ED27005F528A /* tabbar-active@2x.png */,
				DE33C0AA1885ED27005F528A /* tabbar.png */,
				DE33C0AB1885ED27005F528A /* tabbar@2x.png */,
				DE33C0A31885EA9F005F528A /* bg@2x.png */,
				DE33C0951885E5D6005F528A /* SS_APP_ICON_120_120@2x.png */,
			);
			name = Images;
			sourceTree = "<group>";
		};
		DE33C0A71885ECA7005F528A /* Scan */ = {
			isa = PBXGroup;
			children = (
				3C95E58A18876FF700C608C6 /* Highlighter.h */,
				3C95E58B18876FF700C608C6 /* Highlighter.m */,
				DE33C0711885D7A1005F528A /* ScanViewController.h */,
				DE33C0721885D7A1005F528A /* ScanViewController.m */,
			);
			name = Scan;
			sourceTree = "<group>";
		};
		DE33C0B01885ED5E005F528A /* Categories */ = {
			isa = PBXGroup;
			children = (
				DE33C0B11885ED71005F528A /* UIImage+iPhone5.h */,
				DE33C0B21885ED71005F528A /* UIImage+iPhone5.m */,
			);
			name = Categories;
			sourceTree = "<group>";
		};
		DE33C0C41885EE57005F528A /* Utils */ = {
			isa = PBXGroup;
			children = (
				DE33C0C51885EE61005F528A /* Utils.h */,
				DE33C0C61885EE61005F528A /* Utils.m */,
			);
			name = Utils;
			sourceTree = "<group>";
		};
		DE4186411898689A004918C7 /* InAppPurchase */ = {
			isa = PBXGroup;
			children = (
				DE418643189868C1004918C7 /* InAppPurchaseViewController.h */,
				DE418644189868C1004918C7 /* InAppPurchaseViewController.m */,
			);
			name = InAppPurchase;
			sourceTree = "<group>";
		};
		DE809ACE188866B0009A5672 /* TabBar */ = {
			isa = PBXGroup;
			children = (
				DE809ACF188866CF009A5672 /* TabBarViewController.h */,
				DE809AD0188866CF009A5672 /* TabBarViewController.m */,
			);
			name = TabBar;
			sourceTree = "<group>";
		};
		DE809AD2188867BB009A5672 /* UserType */ = {
			isa = PBXGroup;
			children = (
				DE809AD3188867D1009A5672 /* UserTypeViewController.h */,
				DE809AD4188867D1009A5672 /* UserTypeViewController.m */,
			);
			name = UserType;
			sourceTree = "<group>";
		};
		DE809ADA188879AD009A5672 /* AppController */ = {
			isa = PBXGroup;
			children = (
				DE809ADB188879E3009A5672 /* AppController.h */,
				DE809ADC188879E3009A5672 /* AppController.m */,
			);
			name = AppController;
			sourceTree = "<group>";
		};
		DEC042B718B67326008CDC0E /* Flurry */ = {
			isa = PBXGroup;
			children = (
				DEC042B818B67326008CDC0E /* Flurry.h */,
				DEC042B918B67326008CDC0E /* libFlurry_4.3.2.a */,
			);
			path = Flurry;
			sourceTree = "<group>";
		};
		DEE83A52189075C2005B6B23 /* Settings */ = {
			isa = PBXGroup;
			children = (
				DEE83A53189075DB005B6B23 /* SettingsViewController.h */,
				DEE83A54189075DB005B6B23 /* SettingsViewController.m */,
				DEE83A5618907BD7005B6B23 /* ContractorSettingsViewController.h */,
				DEE83A5718907BD7005B6B23 /* ContractorSettingsViewController.m */,
			);
			name = Settings;
			sourceTree = "<group>";
		};
/* End PBXGroup section */

/* Begin PBXNativeTarget section */
		DE33C0551885D7A1005F528A /* servicescan */ = {
			isa = PBXNativeTarget;
			buildConfigurationList = DE33C08E1885D7A2005F528A /* Build configuration list for PBXNativeTarget "servicescan" */;
			buildPhases = (
				DE33C0521885D7A1005F528A /* Sources */,
				DE33C0531885D7A1005F528A /* Frameworks */,
				DE33C0541885D7A1005F528A /* Resources */,
			);
			buildRules = (
			);
			dependencies = (
			);
			name = servicescan;
			productName = servicescan;
			productReference = DE33C0561885D7A1005F528A /* servicescan.app */;
			productType = "com.apple.product-type.application";
		};
		DE33C07C1885D7A2005F528A /* servicescanTests */ = {
			isa = PBXNativeTarget;
			buildConfigurationList = DE33C0911885D7A2005F528A /* Build configuration list for PBXNativeTarget "servicescanTests" */;
			buildPhases = (
				DE33C0791885D7A2005F528A /* Sources */,
				DE33C07A1885D7A2005F528A /* Frameworks */,
				DE33C07B1885D7A2005F528A /* Resources */,
			);
			buildRules = (
			);
			dependencies = (
				DE33C0831885D7A2005F528A /* PBXTargetDependency */,
			);
			name = servicescanTests;
			productName = servicescanTests;
			productReference = DE33C07D1885D7A2005F528A /* servicescanTests.xctest */;
			productType = "com.apple.product-type.bundle.unit-test";
		};
/* End PBXNativeTarget section */

/* Begin PBXProject section */
		DE33C04E1885D7A1005F528A /* Project object */ = {
			isa = PBXProject;
			attributes = {
				LastUpgradeCheck = 0500;
				ORGANIZATIONNAME = ambro;
				TargetAttributes = {
					DE33C0551885D7A1005F528A = {
						DevelopmentTeam = C5B6D5ZCDE;
					};
					DE33C07C1885D7A2005F528A = {
						TestTargetID = DE33C0551885D7A1005F528A;
					};
				};
			};
			buildConfigurationList = DE33C0511885D7A1005F528A /* Build configuration list for PBXProject "servicescan" */;
			compatibilityVersion = "Xcode 3.2";
			developmentRegion = English;
			hasScannedForEncodings = 0;
			knownRegions = (
				en,
				Base,
			);
			mainGroup = DE33C04D1885D7A1005F528A;
			productRefGroup = DE33C0571885D7A1005F528A /* Products */;
			projectDirPath = "";
			projectRoot = "";
			targets = (
				DE33C0551885D7A1005F528A /* servicescan */,
				DE33C07C1885D7A2005F528A /* servicescanTests */,
			);
		};
/* End PBXProject section */

/* Begin PBXResourcesBuildPhase section */
		DE33C0541885D7A1005F528A /* Resources */ = {
			isa = PBXResourcesBuildPhase;
			buildActionMask = 2147483647;
			files = (
				3C38879B18876AE200EEFDD7 /* camera.png in Resources */,
				DE33C0701885D7A1005F528A /* Main_iPad.storyboard in Resources */,
				3C95E5971887705700C608C6 /* play@2x.png in Resources */,
				DE33C0781885D7A1005F528A /* Images.xcassets in Resources */,
				3C38879D18876CB800EEFDD7 /* text-left.png in Resources */,
				DE809AD8188878BF009A5672 /* button-red.png in Resources */,
				DE33C0C01885EE34005F528A /* menubar-right.png in Resources */,
				DE33C0BF1885EE34005F528A /* menubar-left@2x.png in Resources */,
				DE33C0AC1885ED27005F528A /* tabbar-active.png in Resources */,
				DE33C0A61885EAA5005F528A /* bg.png in Resources */,
				3C95E5A11887745D00C608C6 /* list-item-bg@2x.png in Resources */,
				DE33C0C11885EE34005F528A /* menubar-right@2x.png in Resources */,
				DE33C06D1885D7A1005F528A /* Main_iPhone.storyboard in Resources */,
				3C95E59A1887705700C608C6 /* triangle.png in Resources */,
				DE26ECED1889B74300F52113 /* text-input.png in Resources */,
				DE33C0A41885EA9F005F528A /* bg@2x.png in Resources */,
				DE33C0AF1885ED27005F528A /* tabbar@2x.png in Resources */,
				DE33C0BC1885EE34005F528A /* menubar-button.png in Resources */,
				DE33C0C91885EF4A005F528A /* menubar-7.png in Resources */,
				3C95E5951887705700C608C6 /* switch_view.png in Resources */,
				DE33C0BD1885EE34005F528A /* menubar-button@2x.png in Resources */,
				3C95E5961887705700C608C6 /* done.png in Resources */,
				DE33C0C21885EE34005F528A /* menubar.png in Resources */,
				DE809ACB18886504009A5672 /* list-arrow.png in Resources */,
				3C95E5991887705700C608C6 /* plus.png in Resources */,
				DE33C0641885D7A1005F528A /* InfoPlist.strings in Resources */,
				DE33C0AD1885ED27005F528A /* tabbar-active@2x.png in Resources */,
				DE809AD9188878BF009A5672 /* button-red@2x.png in Resources */,
				3C95E5981887705700C608C6 /* circle.png in Resources */,
				DE33C0BE1885EE34005F528A /* menubar-left.png in Resources */,
				DE26ECEE1889B74300F52113 /* text-input@2x.png in Resources */,
				DE809ACD18886504009A5672 /* list-frame.png in Resources */,
				3C95E5A01887745D00C608C6 /* list-item-bg.png in Resources */,
				DE33C0C31885EE34005F528A /* menubar@2x.png in Resources */,
				3C95E5941887705700C608C6 /* flash.png in Resources */,
				DE33C0AE1885ED27005F528A /* tabbar.png in Resources */,
				DE33C0961885E5D6005F528A /* SS_APP_ICON_120_120@2x.png in Resources */,
				DE809ACC18886504009A5672 /* list-arrow@2x.png in Resources */,
			);
			runOnlyForDeploymentPostprocessing = 0;
		};
		DE33C07B1885D7A2005F528A /* Resources */ = {
			isa = PBXResourcesBuildPhase;
			buildActionMask = 2147483647;
			files = (
				DE33C0891885D7A2005F528A /* InfoPlist.strings in Resources */,
			);
			runOnlyForDeploymentPostprocessing = 0;
		};
/* End PBXResourcesBuildPhase section */

/* Begin PBXSourcesBuildPhase section */
		DE33C0521885D7A1005F528A /* Sources */ = {
			isa = PBXSourcesBuildPhase;
			buildActionMask = 2147483647;
			files = (
				DEE83A5818907BD7005B6B23 /* ContractorSettingsViewController.m in Sources */,
				DEF2E33818970328003F8AF7 /* Request.m in Sources */,
				3C95E59D188773E000C608C6 /* MasterCell.m in Sources */,
				DE33C0761885D7A1005F528A /* HistoryViewController.m in Sources */,
				DE809ADD188879E3009A5672 /* AppController.m in Sources */,
				DE33C0B31885ED71005F528A /* UIImage+iPhone5.m in Sources */,
				DE33C06A1885D7A1005F528A /* AppDelegate.m in Sources */,
				DE33C0C71885EE61005F528A /* Utils.m in Sources */,
				DE418645189868C1004918C7 /* InAppPurchaseViewController.m in Sources */,
				DED7DBF6189B0966005E8B60 /* InAppPurchase.m in Sources */,
				DE33C0731885D7A1005F528A /* ScanViewController.m in Sources */,
				3C95E58918876FC100C608C6 /* CustomCameraViewController.m in Sources */,
				DE809AD1188866CF009A5672 /* TabBarViewController.m in Sources */,
				DEE83A55189075DB005B6B23 /* SettingsViewController.m in Sources */,
				DE5448751888600A007B14BD /* CustomCameraRectangle.m in Sources */,
				DE33C0661885D7A1005F528A /* main.m in Sources */,
				DEE83A5B189081CD005B6B23 /* Contractor.m in Sources */,
				3C95E58C18876FF700C608C6 /* Highlighter.m in Sources */,
				DE26ECF21889BB9600F52113 /* ContractorScanCompletedViewController.m in Sources */,
				DE26ECEA1889B68B00F52113 /* UserScanCompletedViewController.m in Sources */,
				3C95E5A5188C4EF900C608C6 /* ServiceScan.m in Sources */,
				DE809AD5188867D1009A5672 /* UserTypeViewController.m in Sources */,
			);
			runOnlyForDeploymentPostprocessing = 0;
		};
		DE33C0791885D7A2005F528A /* Sources */ = {
			isa = PBXSourcesBuildPhase;
			buildActionMask = 2147483647;
			files = (
				DE33C08B1885D7A2005F528A /* servicescanTests.m in Sources */,
			);
			runOnlyForDeploymentPostprocessing = 0;
		};
/* End PBXSourcesBuildPhase section */

/* Begin PBXTargetDependency section */
		DE33C0831885D7A2005F528A /* PBXTargetDependency */ = {
			isa = PBXTargetDependency;
			target = DE33C0551885D7A1005F528A /* servicescan */;
			targetProxy = DE33C0821885D7A2005F528A /* PBXContainerItemProxy */;
		};
/* End PBXTargetDependency section */

/* Begin PBXVariantGroup section */
		DE33C0621885D7A1005F528A /* InfoPlist.strings */ = {
			isa = PBXVariantGroup;
			children = (
				DE33C0631885D7A1005F528A /* en */,
			);
			name = InfoPlist.strings;
			sourceTree = "<group>";
		};
		DE33C06B1885D7A1005F528A /* Main_iPhone.storyboard */ = {
			isa = PBXVariantGroup;
			children = (
				DE33C06C1885D7A1005F528A /* Base */,
			);
			name = Main_iPhone.storyboard;
			sourceTree = "<group>";
		};
		DE33C06E1885D7A1005F528A /* Main_iPad.storyboard */ = {
			isa = PBXVariantGroup;
			children = (
				DE33C06F1885D7A1005F528A /* Base */,
			);
			name = Main_iPad.storyboard;
			sourceTree = "<group>";
		};
		DE33C0871885D7A2005F528A /* InfoPlist.strings */ = {
			isa = PBXVariantGroup;
			children = (
				DE33C0881885D7A2005F528A /* en */,
			);
			name = InfoPlist.strings;
			sourceTree = "<group>";
		};
/* End PBXVariantGroup section */

/* Begin XCBuildConfiguration section */
		DE33C08C1885D7A2005F528A /* Debug */ = {
			isa = XCBuildConfiguration;
			buildSettings = {
				ALWAYS_SEARCH_USER_PATHS = NO;
				ARCHS = "$(ARCHS_STANDARD_INCLUDING_64_BIT)";
				CLANG_CXX_LANGUAGE_STANDARD = "gnu++0x";
				CLANG_CXX_LIBRARY = "libc++";
				CLANG_ENABLE_MODULES = YES;
				CLANG_ENABLE_OBJC_ARC = YES;
				CLANG_WARN_BOOL_CONVERSION = YES;
				CLANG_WARN_CONSTANT_CONVERSION = YES;
				CLANG_WARN_DIRECT_OBJC_ISA_USAGE = YES_ERROR;
				CLANG_WARN_EMPTY_BODY = YES;
				CLANG_WARN_ENUM_CONVERSION = YES;
				CLANG_WARN_INT_CONVERSION = YES;
				CLANG_WARN_OBJC_ROOT_CLASS = YES_ERROR;
				CLANG_WARN__DUPLICATE_METHOD_MATCH = YES;
				"CODE_SIGN_IDENTITY[sdk=iphoneos*]" = "iPhone Developer";
				COPY_PHASE_STRIP = NO;
				GCC_C_LANGUAGE_STANDARD = gnu99;
				GCC_DYNAMIC_NO_PIC = NO;
				GCC_OPTIMIZATION_LEVEL = 0;
				GCC_PREPROCESSOR_DEFINITIONS = (
					"DEBUG=1",
					"$(inherited)",
				);
				GCC_SYMBOLS_PRIVATE_EXTERN = NO;
				GCC_WARN_64_TO_32_BIT_CONVERSION = YES;
				GCC_WARN_ABOUT_RETURN_TYPE = YES_ERROR;
				GCC_WARN_UNDECLARED_SELECTOR = YES;
				GCC_WARN_UNINITIALIZED_AUTOS = YES;
				GCC_WARN_UNUSED_FUNCTION = YES;
				GCC_WARN_UNUSED_VARIABLE = YES;
				IPHONEOS_DEPLOYMENT_TARGET = 7.0;
				ONLY_ACTIVE_ARCH = YES;
				SDKROOT = iphoneos;
				TARGETED_DEVICE_FAMILY = "1,2";
			};
			name = Debug;
		};
		DE33C08D1885D7A2005F528A /* Release */ = {
			isa = XCBuildConfiguration;
			buildSettings = {
				ALWAYS_SEARCH_USER_PATHS = NO;
				ARCHS = "$(ARCHS_STANDARD_INCLUDING_64_BIT)";
				CLANG_CXX_LANGUAGE_STANDARD = "gnu++0x";
				CLANG_CXX_LIBRARY = "libc++";
				CLANG_ENABLE_MODULES = YES;
				CLANG_ENABLE_OBJC_ARC = YES;
				CLANG_WARN_BOOL_CONVERSION = YES;
				CLANG_WARN_CONSTANT_CONVERSION = YES;
				CLANG_WARN_DIRECT_OBJC_ISA_USAGE = YES_ERROR;
				CLANG_WARN_EMPTY_BODY = YES;
				CLANG_WARN_ENUM_CONVERSION = YES;
				CLANG_WARN_INT_CONVERSION = YES;
				CLANG_WARN_OBJC_ROOT_CLASS = YES_ERROR;
				CLANG_WARN__DUPLICATE_METHOD_MATCH = YES;
				"CODE_SIGN_IDENTITY[sdk=iphoneos*]" = "iPhone Developer";
				COPY_PHASE_STRIP = YES;
				ENABLE_NS_ASSERTIONS = NO;
				GCC_C_LANGUAGE_STANDARD = gnu99;
				GCC_WARN_64_TO_32_BIT_CONVERSION = YES;
				GCC_WARN_ABOUT_RETURN_TYPE = YES_ERROR;
				GCC_WARN_UNDECLARED_SELECTOR = YES;
				GCC_WARN_UNINITIALIZED_AUTOS = YES;
				GCC_WARN_UNUSED_FUNCTION = YES;
				GCC_WARN_UNUSED_VARIABLE = YES;
				IPHONEOS_DEPLOYMENT_TARGET = 7.0;
				SDKROOT = iphoneos;
				TARGETED_DEVICE_FAMILY = "1,2";
				VALIDATE_PRODUCT = YES;
			};
			name = Release;
		};
		DE33C08F1885D7A2005F528A /* Debug */ = {
			isa = XCBuildConfiguration;
			buildSettings = {
				CODE_SIGN_IDENTITY = "iPhone Developer: Ronald Dickson (Z7A22D727B)";
				"CODE_SIGN_IDENTITY[sdk=iphoneos*]" = "iPhone Developer: Ronald Dickson (Z7A22D727B)";
				GCC_PRECOMPILE_PREFIX_HEADER = YES;
				GCC_PREFIX_HEADER = "servicescan/servicescan-Prefix.pch";
				INFOPLIST_FILE = "servicescan/servicescan-Info.plist";
				LIBRARY_SEARCH_PATHS = (
					"$(inherited)",
					/Users/sdickson/Code/Darren/ServiceScan/servicescan/Flurry,
					"/Users/USMEM-W-003157/Documents/Code/ServiceScan/servicescan/Flurry",
				);
				PRODUCT_NAME = "$(TARGET_NAME)";
				PROVISIONING_PROFILE = "C31B6EBE-E491-433F-A0FF-3A173EA477E4";
				WRAPPER_EXTENSION = app;
			};
			name = Debug;
		};
		DE33C0901885D7A2005F528A /* Release */ = {
			isa = XCBuildConfiguration;
			buildSettings = {
				CODE_SIGN_IDENTITY = "iPhone Distribution: Ronald Dickson (C5B6D5ZCDE)";
				"CODE_SIGN_IDENTITY[sdk=iphoneos*]" = "iPhone Distribution: Ronald Dickson (C5B6D5ZCDE)";
				GCC_PRECOMPILE_PREFIX_HEADER = YES;
				GCC_PREFIX_HEADER = "servicescan/servicescan-Prefix.pch";
				INFOPLIST_FILE = "servicescan/servicescan-Info.plist";
				LIBRARY_SEARCH_PATHS = (
					"$(inherited)",
					/Users/sdickson/Code/Darren/ServiceScan/servicescan/Flurry,
					"/Users/USMEM-W-003157/Documents/Code/ServiceScan/servicescan/Flurry",
				);
				PRODUCT_NAME = "$(TARGET_NAME)";
				PROVISIONING_PROFILE = "91F3348D-74A7-414D-9C5B-4A899203AD75";
				WRAPPER_EXTENSION = app;
			};
			name = Release;
		};
		DE33C0921885D7A2005F528A /* Debug */ = {
			isa = XCBuildConfiguration;
			buildSettings = {
				ARCHS = "$(ARCHS_STANDARD_INCLUDING_64_BIT)";
				BUNDLE_LOADER = "$(BUILT_PRODUCTS_DIR)/servicescan.app/servicescan";
				FRAMEWORK_SEARCH_PATHS = (
					"$(SDKROOT)/Developer/Library/Frameworks",
					"$(inherited)",
					"$(DEVELOPER_FRAMEWORKS_DIR)",
				);
				GCC_PRECOMPILE_PREFIX_HEADER = YES;
				GCC_PREFIX_HEADER = "servicescan/servicescan-Prefix.pch";
				GCC_PREPROCESSOR_DEFINITIONS = (
					"DEBUG=1",
					"$(inherited)",
				);
				INFOPLIST_FILE = "servicescanTests/servicescanTests-Info.plist";
				PRODUCT_NAME = "$(TARGET_NAME)";
				TEST_HOST = "$(BUNDLE_LOADER)";
				WRAPPER_EXTENSION = xctest;
			};
			name = Debug;
		};
		DE33C0931885D7A2005F528A /* Release */ = {
			isa = XCBuildConfiguration;
			buildSettings = {
				ARCHS = "$(ARCHS_STANDARD_INCLUDING_64_BIT)";
				BUNDLE_LOADER = "$(BUILT_PRODUCTS_DIR)/servicescan.app/servicescan";
				FRAMEWORK_SEARCH_PATHS = (
					"$(SDKROOT)/Developer/Library/Frameworks",
					"$(inherited)",
					"$(DEVELOPER_FRAMEWORKS_DIR)",
				);
				GCC_PRECOMPILE_PREFIX_HEADER = YES;
				GCC_PREFIX_HEADER = "servicescan/servicescan-Prefix.pch";
				INFOPLIST_FILE = "servicescanTests/servicescanTests-Info.plist";
				PRODUCT_NAME = "$(TARGET_NAME)";
				TEST_HOST = "$(BUNDLE_LOADER)";
				WRAPPER_EXTENSION = xctest;
			};
			name = Release;
		};
/* End XCBuildConfiguration section */

/* Begin XCConfigurationList section */
		DE33C0511885D7A1005F528A /* Build configuration list for PBXProject "servicescan" */ = {
			isa = XCConfigurationList;
			buildConfigurations = (
				DE33C08C1885D7A2005F528A /* Debug */,
				DE33C08D1885D7A2005F528A /* Release */,
			);
			defaultConfigurationIsVisible = 0;
			defaultConfigurationName = Release;
		};
		DE33C08E1885D7A2005F528A /* Build configuration list for PBXNativeTarget "servicescan" */ = {
			isa = XCConfigurationList;
			buildConfigurations = (
				DE33C08F1885D7A2005F528A /* Debug */,
				DE33C0901885D7A2005F528A /* Release */,
			);
			defaultConfigurationIsVisible = 0;
			defaultConfigurationName = Release;
		};
		DE33C0911885D7A2005F528A /* Build configuration list for PBXNativeTarget "servicescanTests" */ = {
			isa = XCConfigurationList;
			buildConfigurations = (
				DE33C0921885D7A2005F528A /* Debug */,
				DE33C0931885D7A2005F528A /* Release */,
			);
			defaultConfigurationIsVisible = 0;
			defaultConfigurationName = Release;
		};
/* End XCConfigurationList section */
	};
	rootObject = DE33C04E1885D7A1005F528A /* Project object */;
}
